{
    "version": 3,
    "terraform_version": "0.11.3",
    "serial": 6,
    "lineage": "f92a3993-f7dd-46f5-8b40-750615581fb3",
    "modules": [
        {
            "path": [
                "root"
            ],
            "outputs": {
                "alb_dns_name": {
                    "sensitive": false,
                    "type": "string",
                    "value": "dev-alb-service-desk-1376462335.us-east-1.elb.amazonaws.com"
                }
            },
            "resources": {},
            "depends_on": []
        },
        {
            "path": [
                "root",
                "code_pipeline"
            ],
            "outputs": {},
            "resources": {
                "aws_codebuild_project.service_desk_build": {
                    "type": "aws_codebuild_project",
                    "depends_on": [
                        "aws_iam_role.codebuild_role",
                        "data.template_file.buildspec"
                    ],
                    "primary": {
                        "id": "arn:aws:codebuild:us-east-1:812508967154:project/service-desk-codebuild",
                        "attributes": {
                            "artifacts.#": "1",
                            "artifacts.2731293239.location": "",
                            "artifacts.2731293239.name": "service-desk-codebuild",
                            "artifacts.2731293239.namespace_type": "",
                            "artifacts.2731293239.packaging": "NONE",
                            "artifacts.2731293239.path": "",
                            "artifacts.2731293239.type": "CODEPIPELINE",
                            "build_timeout": "10",
                            "description": "",
                            "encryption_key": "arn:aws:kms:us-east-1:812508967154:alias/aws/s3",
                            "environment.#": "1",
                            "environment.2882962266.compute_type": "BUILD_GENERAL1_SMALL",
                            "environment.2882962266.environment_variable.#": "0",
                            "environment.2882962266.image": "aws/codebuild/docker:1.12.1",
                            "environment.2882962266.privileged_mode": "true",
                            "environment.2882962266.type": "LINUX_CONTAINER",
                            "id": "arn:aws:codebuild:us-east-1:812508967154:project/service-desk-codebuild",
                            "name": "service-desk-codebuild",
                            "service_role": "arn:aws:iam::812508967154:role/codebuild-role",
                            "source.#": "1",
                            "source.3270778520.auth.#": "0",
                            "source.3270778520.buildspec": "version: 0.2\n\nphases:\n  pre_build:\n    commands:\n      - pip install awscli --upgrade --user\n      - echo `aws --version`\n      - echo Logging in to Amazon ECR...\n      - $(aws ecr get-login --region us-east-1 --no-include-email)\n      - OSTICKET_REPO_URI=812508967154.dkr.ecr.us-east-1.amazonaws.com/campbellsoftwaresolutions/osticket\n      - MYSQL_REPO_URI=812508967154.dkr.ecr.us-east-1.amazonaws.com/mysql\n      - echo Entered the pre_build phase...\n  build:\n    commands:\n      - echo Build started on `date`\n      - echo Pulling Docker images...\n      - docker pull mysql\n      - docker pull campbellsoftwaresolutions/osticket\n      - echo Tagging Docker images...\n      - docker tag mysql:latest $MYSQL_REPO_URI:latest\n      - docker tag campbellsoftwaresolutions/osticket:latest $OSTICKET_REPO_URI:latest\n  post_build:\n    commands:\n      - echo Build completed on `date`\n      - echo Pushing the Docker images...\n      - docker push $MYSQL_REPO_URI:latest\n      - docker push $OSTICKET_REPO_URI:latest\n      - echo Writing image definitions file...\n      - printf '[{\"name\":\"mysql\",\"imageUri\":\"%s\"}]' $MYSQL_REPO_URI:latest \u003e imagedefinitions_mysql.json\n      - printf '[{\"name\":\"osticket\",\"imageUri\":\"%s\"}]' $OSTICKET_REPO_URI:latest \u003e imagedefinitions_osticket.json\n      - aws ecs run-task --launch-type FARGATE --cluster dev-ecs-cluster --task-definition dev_mysql --network-configuration \"awsvpcConfiguration={subnets=[subnet-c9e72283],securityGroups=[sg-e4410092,sg-a24504d4]}\"\n      - aws ecs run-task --launch-type FARGATE --cluster dev-ecs-cluster --task-definition dev_osticket --network-configuration \"awsvpcConfiguration={subnets=[subnet-c9e72283],securityGroups=[sg-e4410092,sg-a24504d4]}\"\nartifacts:\n  files: imagedefinitions_mysql.json, imagedefinitions_osticket.json\n",
                            "source.3270778520.location": "",
                            "source.3270778520.type": "CODEPIPELINE",
                            "tags.%": "0",
                            "vpc_config.#": "0"
                        },
                        "meta": {},
                        "tainted": false
                    },
                    "deposed": [],
                    "provider": "provider.aws"
                },
                "aws_iam_role.codebuild_role": {
                    "type": "aws_iam_role",
                    "depends_on": [],
                    "primary": {
                        "id": "codebuild-role",
                        "attributes": {
                            "arn": "arn:aws:iam::812508967154:role/codebuild-role",
                            "assume_role_policy": "{\"Version\":\"2012-10-17\",\"Statement\":[{\"Effect\":\"Allow\",\"Principal\":{\"Service\":\"codebuild.amazonaws.com\"},\"Action\":\"sts:AssumeRole\"}]}",
                            "create_date": "2018-03-21T04:16:25Z",
                            "force_detach_policies": "false",
                            "id": "codebuild-role",
                            "name": "codebuild-role",
                            "path": "/",
                            "unique_id": "AROAJPVO6SJCK5OYT5I3S"
                        },
                        "meta": {},
                        "tainted": false
                    },
                    "deposed": [],
                    "provider": "provider.aws"
                },
                "aws_iam_role.codepipeline_role": {
                    "type": "aws_iam_role",
                    "depends_on": [],
                    "primary": {
                        "id": "codepipeline-role",
                        "attributes": {
                            "arn": "arn:aws:iam::812508967154:role/codepipeline-role",
                            "assume_role_policy": "{\"Version\":\"2012-10-17\",\"Statement\":[{\"Effect\":\"Allow\",\"Principal\":{\"Service\":\"codepipeline.amazonaws.com\"},\"Action\":\"sts:AssumeRole\"}]}",
                            "create_date": "2018-03-21T04:16:25Z",
                            "force_detach_policies": "false",
                            "id": "codepipeline-role",
                            "name": "codepipeline-role",
                            "path": "/",
                            "unique_id": "AROAJ6Y6ODKA3SDOUYOMO"
                        },
                        "meta": {},
                        "tainted": false
                    },
                    "deposed": [],
                    "provider": "provider.aws"
                },
                "aws_iam_role_policy.codebuild_policy": {
                    "type": "aws_iam_role_policy",
                    "depends_on": [
                        "aws_iam_role.codebuild_role",
                        "data.template_file.codebuild_policy"
                    ],
                    "primary": {
                        "id": "codebuild-role:codebuild-policy",
                        "attributes": {
                            "id": "codebuild-role:codebuild-policy",
                            "name": "codebuild-policy",
                            "policy": "{\n  \"Version\": \"2012-10-17\",\n  \"Statement\": [\n    {\n      \"Effect\": \"Allow\",\n      \"Resource\": [\n        \"*\"\n      ],\n      \"Action\": [\n        \"logs:CreateLogGroup\",\n        \"logs:CreateLogStream\",\n        \"logs:PutLogEvents\",\n        \"ecr:GetAuthorizationToken\",\n        \"ecr:InitiateLayerUpload\",\n        \"ecr:UploadLayerPart\",\n        \"ecr:CompleteLayerUpload\",\n        \"ecr:BatchCheckLayerAvailability\",\n        \"ecr:PutImage\",\n        \"ecs:RunTask\",\n        \"iam:PassRole\"\n      ]\n    },\n    {\n      \"Effect\":\"Allow\",\n      \"Action\": [\n        \"s3:GetObject\",\n        \"s3:GetObjectVersion\",\n        \"s3:GetBucketVersioning\",\n        \"s3:List*\",\n        \"s3:PutObject\"\n      ],\n      \"Resource\": [\n        \"arn:aws:s3:::service-desk-source\",\n        \"arn:aws:s3:::service-desk-source/*\"\n      ]\n    }\n  ]\n}\n",
                            "role": "codebuild-role"
                        },
                        "meta": {},
                        "tainted": false
                    },
                    "deposed": [],
                    "provider": "provider.aws"
                },
                "aws_iam_role_policy.codepipeline_policy": {
                    "type": "aws_iam_role_policy",
                    "depends_on": [
                        "aws_iam_role.codepipeline_role",
                        "data.template_file.codepipeline_policy"
                    ],
                    "primary": {
                        "id": "codepipeline-role:codepipeline_policy",
                        "attributes": {
                            "id": "codepipeline-role:codepipeline_policy",
                            "name": "codepipeline_policy",
                            "policy": "{\n  \"Version\": \"2012-10-17\",\n  \"Statement\": [\n    {\n      \"Effect\":\"Allow\",\n      \"Action\": [\n        \"s3:GetObject\",\n        \"s3:GetObjectVersion\",\n        \"s3:GetBucketVersioning\",\n        \"s3:List*\",\n        \"s3:PutObject\"\n      ],\n      \"Resource\": [\n        \"arn:aws:s3:::service-desk-source\",\n        \"arn:aws:s3:::service-desk-source/*\"\n      ]\n    },\n    {\n      \"Effect\": \"Allow\",\n      \"Action\": [\n        \"codebuild:BatchGetBuilds\",\n        \"codebuild:StartBuild\"\n      ],\n      \"Resource\": \"*\"\n    },\n    {\n      \"Action\": [\n        \"ecs:*\",\n        \"events:DescribeRule\",\n        \"events:DeleteRule\",\n        \"events:ListRuleNamesByTarget\",\n        \"events:ListTargetsByRule\",\n        \"events:PutRule\",\n        \"events:PutTargets\",\n        \"events:RemoveTargets\",\n        \"iam:ListAttachedRolePolicies\",\n        \"iam:ListInstanceProfiles\",\n        \"iam:ListRoles\",\n        \"logs:CreateLogGroup\",\n        \"logs:DescribeLogGroups\",\n        \"logs:FilterLogEvents\"\n      ],\n      \"Resource\": \"*\",\n      \"Effect\": \"Allow\"\n    },\n    {\n      \"Action\": \"iam:PassRole\",\n      \"Effect\": \"Allow\",\n      \"Resource\": [\n        \"*\"\n      ],\n      \"Condition\": {\n        \"StringLike\": {\n          \"iam:PassedToService\": \"ecs-tasks.amazonaws.com\"\n        }\n      }\n    },\n    {\n      \"Action\": \"iam:PassRole\",\n      \"Effect\": \"Allow\",\n      \"Resource\": [\n        \"arn:aws:iam::*:role/ecsInstanceRole*\"\n      ],\n      \"Condition\": {\n        \"StringLike\": {\n          \"iam:PassedToService\": [\n            \"ec2.amazonaws.com\",\n            \"ec2.amazonaws.com.cn\"\n          ]\n        }\n      }\n    },\n    {\n      \"Action\": \"iam:PassRole\",\n      \"Effect\": \"Allow\",\n      \"Resource\": [\n        \"arn:aws:iam::*:role/ecsAutoscaleRole*\"\n      ],\n      \"Condition\": {\n        \"StringLike\": {\n          \"iam:PassedToService\": [\n            \"application-autoscaling.amazonaws.com\",\n            \"application-autoscaling.amazonaws.com.cn\"\n          ]\n        }\n      }\n    },\n    {\n      \"Effect\": \"Allow\",\n      \"Action\": \"iam:CreateServiceLinkedRole\",\n      \"Resource\": \"*\",\n      \"Condition\": {\n        \"StringLike\": {\n          \"iam:AWSServiceName\": [\n            \"ecs.amazonaws.com\",\n            \"spot.amazonaws.com\",\n            \"spotfleet.amazonaws.com\"\n          ]\n        }\n      }\n    }\n  ]\n}\n",
                            "role": "codepipeline-role"
                        },
                        "meta": {},
                        "tainted": false
                    },
                    "deposed": [],
                    "provider": "provider.aws"
                },
                "aws_s3_bucket.source": {
                    "type": "aws_s3_bucket",
                    "depends_on": [],
                    "primary": {
                        "id": "service-desk-source",
                        "attributes": {
                            "acceleration_status": "",
                            "acl": "private",
                            "arn": "arn:aws:s3:::service-desk-source",
                            "bucket": "service-desk-source",
                            "bucket_domain_name": "service-desk-source.s3.amazonaws.com",
                            "force_destroy": "true",
                            "hosted_zone_id": "Z3AQBSTGFYJSTF",
                            "id": "service-desk-source",
                            "logging.#": "0",
                            "region": "us-east-1",
                            "replication_configuration.#": "0",
                            "request_payer": "BucketOwner",
                            "server_side_encryption_configuration.#": "0",
                            "tags.%": "0",
                            "versioning.#": "1",
                            "versioning.0.enabled": "false",
                            "versioning.0.mfa_delete": "false",
                            "website.#": "0"
                        },
                        "meta": {},
                        "tainted": false
                    },
                    "deposed": [],
                    "provider": "provider.aws"
                },
                "data.template_file.buildspec": {
                    "type": "template_file",
                    "depends_on": [],
                    "primary": {
                        "id": "d5755efb3b5a7557e0bb11c978f036fbcfadff1cbda4853346d5bcc3fd206301",
                        "attributes": {
                            "id": "d5755efb3b5a7557e0bb11c978f036fbcfadff1cbda4853346d5bcc3fd206301",
                            "rendered": "version: 0.2\n\nphases:\n  pre_build:\n    commands:\n      - pip install awscli --upgrade --user\n      - echo `aws --version`\n      - echo Logging in to Amazon ECR...\n      - $(aws ecr get-login --region us-east-1 --no-include-email)\n      - OSTICKET_REPO_URI=812508967154.dkr.ecr.us-east-1.amazonaws.com/campbellsoftwaresolutions/osticket\n      - MYSQL_REPO_URI=812508967154.dkr.ecr.us-east-1.amazonaws.com/mysql\n      - echo Entered the pre_build phase...\n  build:\n    commands:\n      - echo Build started on `date`\n      - echo Pulling Docker images...\n      - docker pull mysql\n      - docker pull campbellsoftwaresolutions/osticket\n      - echo Tagging Docker images...\n      - docker tag mysql:latest $MYSQL_REPO_URI:latest\n      - docker tag campbellsoftwaresolutions/osticket:latest $OSTICKET_REPO_URI:latest\n  post_build:\n    commands:\n      - echo Build completed on `date`\n      - echo Pushing the Docker images...\n      - docker push $MYSQL_REPO_URI:latest\n      - docker push $OSTICKET_REPO_URI:latest\n      - echo Writing image definitions file...\n      - printf '[{\"name\":\"mysql\",\"imageUri\":\"%s\"}]' $MYSQL_REPO_URI:latest \u003e imagedefinitions_mysql.json\n      - printf '[{\"name\":\"osticket\",\"imageUri\":\"%s\"}]' $OSTICKET_REPO_URI:latest \u003e imagedefinitions_osticket.json\n      - aws ecs run-task --launch-type FARGATE --cluster dev-ecs-cluster --task-definition dev_mysql --network-configuration \"awsvpcConfiguration={subnets=[subnet-c9e72283],securityGroups=[sg-e4410092,sg-a24504d4]}\"\n      - aws ecs run-task --launch-type FARGATE --cluster dev-ecs-cluster --task-definition dev_osticket --network-configuration \"awsvpcConfiguration={subnets=[subnet-c9e72283],securityGroups=[sg-e4410092,sg-a24504d4]}\"\nartifacts:\n  files: imagedefinitions_mysql.json, imagedefinitions_osticket.json\n",
                            "template": "version: 0.2\n\nphases:\n  pre_build:\n    commands:\n      - pip install awscli --upgrade --user\n      - echo `aws --version`\n      - echo Logging in to Amazon ECR...\n      - $(aws ecr get-login --region ${region} --no-include-email)\n      - OSTICKET_REPO_URI=${osticket_repo_url}\n      - MYSQL_REPO_URI=${mysql_repo_url}\n      - echo Entered the pre_build phase...\n  build:\n    commands:\n      - echo Build started on `date`\n      - echo Pulling Docker images...\n      - docker pull mysql\n      - docker pull campbellsoftwaresolutions/osticket\n      - echo Tagging Docker images...\n      - docker tag mysql:latest $MYSQL_REPO_URI:latest\n      - docker tag campbellsoftwaresolutions/osticket:latest $OSTICKET_REPO_URI:latest\n  post_build:\n    commands:\n      - echo Build completed on `date`\n      - echo Pushing the Docker images...\n      - docker push $MYSQL_REPO_URI:latest\n      - docker push $OSTICKET_REPO_URI:latest\n      - echo Writing image definitions file...\n      - printf '[{\"name\":\"mysql\",\"imageUri\":\"%s\"}]' $MYSQL_REPO_URI:latest \u003e imagedefinitions_mysql.json\n      - printf '[{\"name\":\"osticket\",\"imageUri\":\"%s\"}]' $OSTICKET_REPO_URI:latest \u003e imagedefinitions_osticket.json\n      - aws ecs run-task --launch-type FARGATE --cluster ${cluster_name} --task-definition ${environment}_mysql --network-configuration \"awsvpcConfiguration={subnets=[${subnet_id}],securityGroups=[${security_group_ids}]}\"\n      - aws ecs run-task --launch-type FARGATE --cluster ${cluster_name} --task-definition ${environment}_osticket --network-configuration \"awsvpcConfiguration={subnets=[${subnet_id}],securityGroups=[${security_group_ids}]}\"\nartifacts:\n  files: imagedefinitions_mysql.json, imagedefinitions_osticket.json\n",
                            "vars.%": "7",
                            "vars.cluster_name": "dev-ecs-cluster",
                            "vars.environment": "dev",
                            "vars.mysql_repo_url": "812508967154.dkr.ecr.us-east-1.amazonaws.com/mysql",
                            "vars.osticket_repo_url": "812508967154.dkr.ecr.us-east-1.amazonaws.com/campbellsoftwaresolutions/osticket",
                            "vars.region": "us-east-1",
                            "vars.security_group_ids": "sg-e4410092,sg-a24504d4",
                            "vars.subnet_id": "subnet-c9e72283"
                        },
                        "meta": {},
                        "tainted": false
                    },
                    "deposed": [],
                    "provider": "provider.template"
                },
                "data.template_file.codebuild_policy": {
                    "type": "template_file",
                    "depends_on": [
                        "aws_s3_bucket.source"
                    ],
                    "primary": {
                        "id": "fa3dfb4ddd756cf5c7600cc4981bcfa6a8b5954d115b21b0488f6ddd733ff1d0",
                        "attributes": {
                            "id": "fa3dfb4ddd756cf5c7600cc4981bcfa6a8b5954d115b21b0488f6ddd733ff1d0",
                            "rendered": "{\n  \"Version\": \"2012-10-17\",\n  \"Statement\": [\n    {\n      \"Effect\": \"Allow\",\n      \"Resource\": [\n        \"*\"\n      ],\n      \"Action\": [\n        \"logs:CreateLogGroup\",\n        \"logs:CreateLogStream\",\n        \"logs:PutLogEvents\",\n        \"ecr:GetAuthorizationToken\",\n        \"ecr:InitiateLayerUpload\",\n        \"ecr:UploadLayerPart\",\n        \"ecr:CompleteLayerUpload\",\n        \"ecr:BatchCheckLayerAvailability\",\n        \"ecr:PutImage\",\n        \"ecs:RunTask\",\n        \"iam:PassRole\"\n      ]\n    },\n    {\n      \"Effect\":\"Allow\",\n      \"Action\": [\n        \"s3:GetObject\",\n        \"s3:GetObjectVersion\",\n        \"s3:GetBucketVersioning\",\n        \"s3:List*\",\n        \"s3:PutObject\"\n      ],\n      \"Resource\": [\n        \"arn:aws:s3:::service-desk-source\",\n        \"arn:aws:s3:::service-desk-source/*\"\n      ]\n    }\n  ]\n}\n",
                            "template": "{\n  \"Version\": \"2012-10-17\",\n  \"Statement\": [\n    {\n      \"Effect\": \"Allow\",\n      \"Resource\": [\n        \"*\"\n      ],\n      \"Action\": [\n        \"logs:CreateLogGroup\",\n        \"logs:CreateLogStream\",\n        \"logs:PutLogEvents\",\n        \"ecr:GetAuthorizationToken\",\n        \"ecr:InitiateLayerUpload\",\n        \"ecr:UploadLayerPart\",\n        \"ecr:CompleteLayerUpload\",\n        \"ecr:BatchCheckLayerAvailability\",\n        \"ecr:PutImage\",\n        \"ecs:RunTask\",\n        \"iam:PassRole\"\n      ]\n    },\n    {\n      \"Effect\":\"Allow\",\n      \"Action\": [\n        \"s3:GetObject\",\n        \"s3:GetObjectVersion\",\n        \"s3:GetBucketVersioning\",\n        \"s3:List*\",\n        \"s3:PutObject\"\n      ],\n      \"Resource\": [\n        \"${aws_s3_bucket_arn}\",\n        \"${aws_s3_bucket_arn}/*\"\n      ]\n    }\n  ]\n}\n",
                            "vars.%": "1",
                            "vars.aws_s3_bucket_arn": "arn:aws:s3:::service-desk-source"
                        },
                        "meta": {},
                        "tainted": false
                    },
                    "deposed": [],
                    "provider": "provider.template"
                },
                "data.template_file.codepipeline_policy": {
                    "type": "template_file",
                    "depends_on": [
                        "aws_s3_bucket.source"
                    ],
                    "primary": {
                        "id": "657cbf1a42beaea3454408708ddb2a147d48ac75c686aaa482534dfb7d0f981e",
                        "attributes": {
                            "id": "657cbf1a42beaea3454408708ddb2a147d48ac75c686aaa482534dfb7d0f981e",
                            "rendered": "{\n  \"Version\": \"2012-10-17\",\n  \"Statement\": [\n    {\n      \"Effect\":\"Allow\",\n      \"Action\": [\n        \"s3:GetObject\",\n        \"s3:GetObjectVersion\",\n        \"s3:GetBucketVersioning\",\n        \"s3:List*\",\n        \"s3:PutObject\"\n      ],\n      \"Resource\": [\n        \"arn:aws:s3:::service-desk-source\",\n        \"arn:aws:s3:::service-desk-source/*\"\n      ]\n    },\n    {\n      \"Effect\": \"Allow\",\n      \"Action\": [\n        \"codebuild:BatchGetBuilds\",\n        \"codebuild:StartBuild\"\n      ],\n      \"Resource\": \"*\"\n    },\n    {\n      \"Action\": [\n        \"ecs:*\",\n        \"events:DescribeRule\",\n        \"events:DeleteRule\",\n        \"events:ListRuleNamesByTarget\",\n        \"events:ListTargetsByRule\",\n        \"events:PutRule\",\n        \"events:PutTargets\",\n        \"events:RemoveTargets\",\n        \"iam:ListAttachedRolePolicies\",\n        \"iam:ListInstanceProfiles\",\n        \"iam:ListRoles\",\n        \"logs:CreateLogGroup\",\n        \"logs:DescribeLogGroups\",\n        \"logs:FilterLogEvents\"\n      ],\n      \"Resource\": \"*\",\n      \"Effect\": \"Allow\"\n    },\n    {\n      \"Action\": \"iam:PassRole\",\n      \"Effect\": \"Allow\",\n      \"Resource\": [\n        \"*\"\n      ],\n      \"Condition\": {\n        \"StringLike\": {\n          \"iam:PassedToService\": \"ecs-tasks.amazonaws.com\"\n        }\n      }\n    },\n    {\n      \"Action\": \"iam:PassRole\",\n      \"Effect\": \"Allow\",\n      \"Resource\": [\n        \"arn:aws:iam::*:role/ecsInstanceRole*\"\n      ],\n      \"Condition\": {\n        \"StringLike\": {\n          \"iam:PassedToService\": [\n            \"ec2.amazonaws.com\",\n            \"ec2.amazonaws.com.cn\"\n          ]\n        }\n      }\n    },\n    {\n      \"Action\": \"iam:PassRole\",\n      \"Effect\": \"Allow\",\n      \"Resource\": [\n        \"arn:aws:iam::*:role/ecsAutoscaleRole*\"\n      ],\n      \"Condition\": {\n        \"StringLike\": {\n          \"iam:PassedToService\": [\n            \"application-autoscaling.amazonaws.com\",\n            \"application-autoscaling.amazonaws.com.cn\"\n          ]\n        }\n      }\n    },\n    {\n      \"Effect\": \"Allow\",\n      \"Action\": \"iam:CreateServiceLinkedRole\",\n      \"Resource\": \"*\",\n      \"Condition\": {\n        \"StringLike\": {\n          \"iam:AWSServiceName\": [\n            \"ecs.amazonaws.com\",\n            \"spot.amazonaws.com\",\n            \"spotfleet.amazonaws.com\"\n          ]\n        }\n      }\n    }\n  ]\n}\n",
                            "template": "{\n  \"Version\": \"2012-10-17\",\n  \"Statement\": [\n    {\n      \"Effect\":\"Allow\",\n      \"Action\": [\n        \"s3:GetObject\",\n        \"s3:GetObjectVersion\",\n        \"s3:GetBucketVersioning\",\n        \"s3:List*\",\n        \"s3:PutObject\"\n      ],\n      \"Resource\": [\n        \"${aws_s3_bucket_arn}\",\n        \"${aws_s3_bucket_arn}/*\"\n      ]\n    },\n    {\n      \"Effect\": \"Allow\",\n      \"Action\": [\n        \"codebuild:BatchGetBuilds\",\n        \"codebuild:StartBuild\"\n      ],\n      \"Resource\": \"*\"\n    },\n    {\n      \"Action\": [\n        \"ecs:*\",\n        \"events:DescribeRule\",\n        \"events:DeleteRule\",\n        \"events:ListRuleNamesByTarget\",\n        \"events:ListTargetsByRule\",\n        \"events:PutRule\",\n        \"events:PutTargets\",\n        \"events:RemoveTargets\",\n        \"iam:ListAttachedRolePolicies\",\n        \"iam:ListInstanceProfiles\",\n        \"iam:ListRoles\",\n        \"logs:CreateLogGroup\",\n        \"logs:DescribeLogGroups\",\n        \"logs:FilterLogEvents\"\n      ],\n      \"Resource\": \"*\",\n      \"Effect\": \"Allow\"\n    },\n    {\n      \"Action\": \"iam:PassRole\",\n      \"Effect\": \"Allow\",\n      \"Resource\": [\n        \"*\"\n      ],\n      \"Condition\": {\n        \"StringLike\": {\n          \"iam:PassedToService\": \"ecs-tasks.amazonaws.com\"\n        }\n      }\n    },\n    {\n      \"Action\": \"iam:PassRole\",\n      \"Effect\": \"Allow\",\n      \"Resource\": [\n        \"arn:aws:iam::*:role/ecsInstanceRole*\"\n      ],\n      \"Condition\": {\n        \"StringLike\": {\n          \"iam:PassedToService\": [\n            \"ec2.amazonaws.com\",\n            \"ec2.amazonaws.com.cn\"\n          ]\n        }\n      }\n    },\n    {\n      \"Action\": \"iam:PassRole\",\n      \"Effect\": \"Allow\",\n      \"Resource\": [\n        \"arn:aws:iam::*:role/ecsAutoscaleRole*\"\n      ],\n      \"Condition\": {\n        \"StringLike\": {\n          \"iam:PassedToService\": [\n            \"application-autoscaling.amazonaws.com\",\n            \"application-autoscaling.amazonaws.com.cn\"\n          ]\n        }\n      }\n    },\n    {\n      \"Effect\": \"Allow\",\n      \"Action\": \"iam:CreateServiceLinkedRole\",\n      \"Resource\": \"*\",\n      \"Condition\": {\n        \"StringLike\": {\n          \"iam:AWSServiceName\": [\n            \"ecs.amazonaws.com\",\n            \"spot.amazonaws.com\",\n            \"spotfleet.amazonaws.com\"\n          ]\n        }\n      }\n    }\n  ]\n}\n",
                            "vars.%": "1",
                            "vars.aws_s3_bucket_arn": "arn:aws:s3:::service-desk-source"
                        },
                        "meta": {},
                        "tainted": false
                    },
                    "deposed": [],
                    "provider": "provider.template"
                }
            },
            "depends_on": []
        },
        {
            "path": [
                "root",
                "ecs"
            ],
            "outputs": {
                "alb_dns_name": {
                    "sensitive": false,
                    "type": "string",
                    "value": "dev-alb-service-desk-1376462335.us-east-1.elb.amazonaws.com"
                },
                "alb_zone_id": {
                    "sensitive": false,
                    "type": "string",
                    "value": "Z35SXDOTRQ7X7K"
                },
                "cluster_name": {
                    "sensitive": false,
                    "type": "string",
                    "value": "dev-ecs-cluster"
                },
                "mysql_repository_url": {
                    "sensitive": false,
                    "type": "string",
                    "value": "812508967154.dkr.ecr.us-east-1.amazonaws.com/mysql"
                },
                "mysql_service_name": {
                    "sensitive": false,
                    "type": "string",
                    "value": "dev-mysql"
                },
                "osticket_repository_url": {
                    "sensitive": false,
                    "type": "string",
                    "value": "812508967154.dkr.ecr.us-east-1.amazonaws.com/campbellsoftwaresolutions/osticket"
                },
                "osticket_service_name": {
                    "sensitive": false,
                    "type": "string",
                    "value": "dev-osticket"
                },
                "security_group_id": {
                    "sensitive": false,
                    "type": "string",
                    "value": "sg-a24504d4"
                }
            },
            "resources": {
                "aws_alb.alb_service_desk": {
                    "type": "aws_alb",
                    "depends_on": [
                        "aws_security_group.osticket_inbound_sg"
                    ],
                    "primary": {
                        "id": "arn:aws:elasticloadbalancing:us-east-1:812508967154:loadbalancer/app/dev-alb-service-desk/10e3be3ab9eb8a8d",
                        "attributes": {
                            "access_logs.#": "0",
                            "arn": "arn:aws:elasticloadbalancing:us-east-1:812508967154:loadbalancer/app/dev-alb-service-desk/10e3be3ab9eb8a8d",
                            "arn_suffix": "app/dev-alb-service-desk/10e3be3ab9eb8a8d",
                            "dns_name": "dev-alb-service-desk-1376462335.us-east-1.elb.amazonaws.com",
                            "enable_cross_zone_load_balancing": "false",
                            "enable_deletion_protection": "false",
                            "enable_http2": "true",
                            "id": "arn:aws:elasticloadbalancing:us-east-1:812508967154:loadbalancer/app/dev-alb-service-desk/10e3be3ab9eb8a8d",
                            "idle_timeout": "60",
                            "internal": "false",
                            "ip_address_type": "ipv4",
                            "load_balancer_type": "application",
                            "name": "dev-alb-service-desk",
                            "security_groups.#": "2",
                            "security_groups.2572994043": "sg-e4410092",
                            "security_groups.4095460951": "sg-e93f7e9f",
                            "subnets.#": "2",
                            "subnets.1936080085": "subnet-78ec2932",
                            "subnets.526559978": "subnet-e4b687b9",
                            "tags.%": "2",
                            "tags.Environment": "dev",
                            "tags.Name": "dev-alb-service-desk",
                            "vpc_id": "vpc-d0018cab",
                            "zone_id": "Z35SXDOTRQ7X7K"
                        },
                        "meta": {
                            "e2bfb730-ecaa-11e6-8f88-34363bc7c4c0": {
                                "create": 600000000000,
                                "delete": 600000000000,
                                "update": 600000000000
                            }
                        },
                        "tainted": false
                    },
                    "deposed": [],
                    "provider": "provider.aws"
                },
                "aws_alb_listener.service_desk": {
                    "type": "aws_alb_listener",
                    "depends_on": [
                        "aws_alb.alb_service_desk",
                        "aws_alb_target_group.alb_target_group"
                    ],
                    "primary": {
                        "id": "arn:aws:elasticloadbalancing:us-east-1:812508967154:listener/app/dev-alb-service-desk/10e3be3ab9eb8a8d/9146e8ca8d59c55f",
                        "attributes": {
                            "arn": "arn:aws:elasticloadbalancing:us-east-1:812508967154:listener/app/dev-alb-service-desk/10e3be3ab9eb8a8d/9146e8ca8d59c55f",
                            "default_action.#": "1",
                            "default_action.0.target_group_arn": "arn:aws:elasticloadbalancing:us-east-1:812508967154:targetgroup/dev-alb-target-group-9b9c/c85d6202ccb82891",
                            "default_action.0.type": "forward",
                            "id": "arn:aws:elasticloadbalancing:us-east-1:812508967154:listener/app/dev-alb-service-desk/10e3be3ab9eb8a8d/9146e8ca8d59c55f",
                            "load_balancer_arn": "arn:aws:elasticloadbalancing:us-east-1:812508967154:loadbalancer/app/dev-alb-service-desk/10e3be3ab9eb8a8d",
                            "port": "80",
                            "protocol": "HTTP",
                            "ssl_policy": ""
                        },
                        "meta": {},
                        "tainted": false
                    },
                    "deposed": [],
                    "provider": "provider.aws"
                },
                "aws_alb_target_group.alb_target_group": {
                    "type": "aws_alb_target_group",
                    "depends_on": [
                        "random_id.target_group_sufix"
                    ],
                    "primary": {
                        "id": "arn:aws:elasticloadbalancing:us-east-1:812508967154:targetgroup/dev-alb-target-group-9b9c/c85d6202ccb82891",
                        "attributes": {
                            "arn": "arn:aws:elasticloadbalancing:us-east-1:812508967154:targetgroup/dev-alb-target-group-9b9c/c85d6202ccb82891",
                            "arn_suffix": "targetgroup/dev-alb-target-group-9b9c/c85d6202ccb82891",
                            "deregistration_delay": "300",
                            "health_check.#": "1",
                            "health_check.0.healthy_threshold": "5",
                            "health_check.0.interval": "30",
                            "health_check.0.matcher": "200",
                            "health_check.0.path": "/",
                            "health_check.0.port": "traffic-port",
                            "health_check.0.protocol": "HTTP",
                            "health_check.0.timeout": "5",
                            "health_check.0.unhealthy_threshold": "2",
                            "id": "arn:aws:elasticloadbalancing:us-east-1:812508967154:targetgroup/dev-alb-target-group-9b9c/c85d6202ccb82891",
                            "name": "dev-alb-target-group-9b9c",
                            "port": "80",
                            "protocol": "HTTP",
                            "stickiness.#": "1",
                            "stickiness.0.cookie_duration": "86400",
                            "stickiness.0.enabled": "false",
                            "stickiness.0.type": "lb_cookie",
                            "tags.%": "0",
                            "target_type": "ip",
                            "vpc_id": "vpc-d0018cab"
                        },
                        "meta": {},
                        "tainted": false
                    },
                    "deposed": [],
                    "provider": "provider.aws"
                },
                "aws_cloudwatch_log_group.service_desk": {
                    "type": "aws_cloudwatch_log_group",
                    "depends_on": [],
                    "primary": {
                        "id": "service_desk",
                        "attributes": {
                            "arn": "arn:aws:logs:us-east-1:812508967154:log-group:service_desk:*",
                            "id": "service_desk",
                            "kms_key_id": "",
                            "name": "service_desk",
                            "retention_in_days": "0",
                            "tags.%": "2",
                            "tags.Application": "osticket",
                            "tags.Environment": "dev"
                        },
                        "meta": {},
                        "tainted": false
                    },
                    "deposed": [],
                    "provider": "provider.aws"
                },
                "aws_ecr_repository.mysql_app": {
                    "type": "aws_ecr_repository",
                    "depends_on": [],
                    "primary": {
                        "id": "mysql",
                        "attributes": {
                            "arn": "arn:aws:ecr:us-east-1:812508967154:repository/mysql",
                            "id": "mysql",
                            "name": "mysql",
                            "registry_id": "812508967154",
                            "repository_url": "812508967154.dkr.ecr.us-east-1.amazonaws.com/mysql"
                        },
                        "meta": {},
                        "tainted": false
                    },
                    "deposed": [],
                    "provider": "provider.aws"
                },
                "aws_ecr_repository.osticket_app": {
                    "type": "aws_ecr_repository",
                    "depends_on": [],
                    "primary": {
                        "id": "campbellsoftwaresolutions/osticket",
                        "attributes": {
                            "arn": "arn:aws:ecr:us-east-1:812508967154:repository/campbellsoftwaresolutions/osticket",
                            "id": "campbellsoftwaresolutions/osticket",
                            "name": "campbellsoftwaresolutions/osticket",
                            "registry_id": "812508967154",
                            "repository_url": "812508967154.dkr.ecr.us-east-1.amazonaws.com/campbellsoftwaresolutions/osticket"
                        },
                        "meta": {},
                        "tainted": false
                    },
                    "deposed": [],
                    "provider": "provider.aws"
                },
                "aws_ecs_cluster.cluster": {
                    "type": "aws_ecs_cluster",
                    "depends_on": [],
                    "primary": {
                        "id": "arn:aws:ecs:us-east-1:812508967154:cluster/dev-ecs-cluster",
                        "attributes": {
                            "arn": "arn:aws:ecs:us-east-1:812508967154:cluster/dev-ecs-cluster",
                            "id": "arn:aws:ecs:us-east-1:812508967154:cluster/dev-ecs-cluster",
                            "name": "dev-ecs-cluster"
                        },
                        "meta": {},
                        "tainted": false
                    },
                    "deposed": [],
                    "provider": "provider.aws"
                },
                "aws_ecs_service.mysql": {
                    "type": "aws_ecs_service",
                    "depends_on": [
                        "aws_ecs_cluster.cluster",
                        "aws_ecs_task_definition.mysql",
                        "aws_iam_role_policy.ecs_service_role_policy",
                        "aws_security_group.ecs_service",
                        "data.aws_ecs_task_definition.mysql"
                    ],
                    "primary": {
                        "id": "arn:aws:ecs:us-east-1:812508967154:service/dev-mysql",
                        "attributes": {
                            "cluster": "arn:aws:ecs:us-east-1:812508967154:cluster/dev-ecs-cluster",
                            "deployment_maximum_percent": "200",
                            "deployment_minimum_healthy_percent": "100",
                            "desired_count": "1",
                            "health_check_grace_period_seconds": "0",
                            "iam_role": "aws-service-role",
                            "id": "arn:aws:ecs:us-east-1:812508967154:service/dev-mysql",
                            "launch_type": "FARGATE",
                            "load_balancer.#": "0",
                            "name": "dev-mysql",
                            "network_configuration.#": "1",
                            "network_configuration.0.assign_public_ip": "false",
                            "network_configuration.0.security_groups.#": "2",
                            "network_configuration.0.security_groups.1782150667": "sg-a24504d4",
                            "network_configuration.0.security_groups.2572994043": "sg-e4410092",
                            "network_configuration.0.subnets.#": "2",
                            "network_configuration.0.subnets.1363715562": "subnet-c9e72283",
                            "network_configuration.0.subnets.575131086": "subnet-54c6f709",
                            "placement_constraints.#": "0",
                            "placement_strategy.#": "0",
                            "task_definition": "dev_mysql:1"
                        },
                        "meta": {},
                        "tainted": false
                    },
                    "deposed": [],
                    "provider": "provider.aws"
                },
                "aws_ecs_service.osticket": {
                    "type": "aws_ecs_service",
                    "depends_on": [
                        "aws_alb_target_group.alb_target_group",
                        "aws_ecs_cluster.cluster",
                        "aws_ecs_task_definition.osticket",
                        "aws_iam_role_policy.ecs_service_role_policy",
                        "aws_security_group.ecs_service",
                        "data.aws_ecs_task_definition.osticket"
                    ],
                    "primary": {
                        "id": "arn:aws:ecs:us-east-1:812508967154:service/dev-osticket",
                        "attributes": {
                            "cluster": "arn:aws:ecs:us-east-1:812508967154:cluster/dev-ecs-cluster",
                            "deployment_maximum_percent": "200",
                            "deployment_minimum_healthy_percent": "100",
                            "desired_count": "2",
                            "health_check_grace_period_seconds": "0",
                            "iam_role": "aws-service-role",
                            "id": "arn:aws:ecs:us-east-1:812508967154:service/dev-osticket",
                            "launch_type": "FARGATE",
                            "load_balancer.#": "1",
                            "load_balancer.694923883.container_name": "osticket",
                            "load_balancer.694923883.container_port": "80",
                            "load_balancer.694923883.elb_name": "",
                            "load_balancer.694923883.target_group_arn": "arn:aws:elasticloadbalancing:us-east-1:812508967154:targetgroup/dev-alb-target-group-9b9c/c85d6202ccb82891",
                            "name": "dev-osticket",
                            "network_configuration.#": "1",
                            "network_configuration.0.assign_public_ip": "false",
                            "network_configuration.0.security_groups.#": "2",
                            "network_configuration.0.security_groups.1782150667": "sg-a24504d4",
                            "network_configuration.0.security_groups.2572994043": "sg-e4410092",
                            "network_configuration.0.subnets.#": "2",
                            "network_configuration.0.subnets.1363715562": "subnet-c9e72283",
                            "network_configuration.0.subnets.575131086": "subnet-54c6f709",
                            "placement_constraints.#": "0",
                            "placement_strategy.#": "0",
                            "task_definition": "dev_osticket:1"
                        },
                        "meta": {},
                        "tainted": false
                    },
                    "deposed": [],
                    "provider": "provider.aws"
                },
                "aws_ecs_task_definition.mysql": {
                    "type": "aws_ecs_task_definition",
                    "depends_on": [
                        "aws_ecs_task_definition.mysql"
                    ],
                    "primary": {
                        "id": "dev_mysql",
                        "attributes": {
                            "arn": "arn:aws:ecs:us-east-1:812508967154:task-definition/dev_mysql:1",
                            "container_definitions": "[{\"cpu\":0,\"environment\":[{\"name\":\"MYSQL_DATABASE\",\"value\":\"osticket\"},{\"name\":\"MYSQL_PASSWORD\",\"value\":\"secret\"},{\"name\":\"MYSQL_ROOT_PASSWORD\",\"value\":\"secret\"},{\"name\":\"MYSQL_USER\",\"value\":\"osticket\"}],\"essential\":true,\"image\":\"812508967154.dkr.ecr.us-east-1.amazonaws.com/mysql\",\"logConfiguration\":{\"logDriver\":\"awslogs\",\"options\":{\"awslogs-group\":\"service_desk\",\"awslogs-region\":\"us-east-1\",\"awslogs-stream-prefix\":\"mysql\"}},\"memory\":300,\"mountPoints\":[],\"name\":\"mysql\",\"portMappings\":[],\"volumesFrom\":[]}]",
                            "cpu": "256",
                            "execution_role_arn": "arn:aws:iam::812508967154:role/ecs_task_execution_role",
                            "family": "dev_mysql",
                            "id": "dev_mysql",
                            "memory": "512",
                            "network_mode": "awsvpc",
                            "placement_constraints.#": "0",
                            "requires_compatibilities.#": "1",
                            "requires_compatibilities.3072437307": "FARGATE",
                            "revision": "1",
                            "task_role_arn": "arn:aws:iam::812508967154:role/ecs_task_execution_role"
                        },
                        "meta": {
                            "schema_version": "1"
                        },
                        "tainted": false
                    },
                    "deposed": [],
                    "provider": "provider.aws"
                },
                "aws_ecs_task_definition.osticket": {
                    "type": "aws_ecs_task_definition",
                    "depends_on": [
                        "aws_ecs_task_definition.mysql",
                        "aws_ecs_task_definition.osticket"
                    ],
                    "primary": {
                        "id": "dev_osticket",
                        "attributes": {
                            "arn": "arn:aws:ecs:us-east-1:812508967154:task-definition/dev_osticket:1",
                            "container_definitions": "[{\"cpu\":0,\"environment\":[{\"name\":\"MYSQL_DATABASE\",\"value\":\"osticket\"},{\"name\":\"MYSQL_PASSWORD\",\"value\":\"secret\"},{\"name\":\"MYSQL_HOST\",\"value\":\"mysql\"},{\"name\":\"MYSQL_ROOT_PASSWORD\",\"value\":\"secret\"},{\"name\":\"MYSQL_USER\",\"value\":\"osticket\"}],\"essential\":true,\"image\":\"812508967154.dkr.ecr.us-east-1.amazonaws.com/campbellsoftwaresolutions/osticket\",\"logConfiguration\":{\"logDriver\":\"awslogs\",\"options\":{\"awslogs-group\":\"service_desk\",\"awslogs-region\":\"us-east-1\",\"awslogs-stream-prefix\":\"osticket\"}},\"memory\":300,\"mountPoints\":[],\"name\":\"osticket\",\"portMappings\":[{\"containerPort\":80,\"hostPort\":80,\"protocol\":\"tcp\"}],\"volumesFrom\":[]}]",
                            "cpu": "256",
                            "execution_role_arn": "arn:aws:iam::812508967154:role/ecs_task_execution_role",
                            "family": "dev_osticket",
                            "id": "dev_osticket",
                            "memory": "512",
                            "network_mode": "awsvpc",
                            "placement_constraints.#": "0",
                            "requires_compatibilities.#": "1",
                            "requires_compatibilities.3072437307": "FARGATE",
                            "revision": "1",
                            "task_role_arn": "arn:aws:iam::812508967154:role/ecs_task_execution_role"
                        },
                        "meta": {
                            "schema_version": "1"
                        },
                        "tainted": false
                    },
                    "deposed": [],
                    "provider": "provider.aws"
                },
                "aws_iam_role.ecs_execution_role": {
                    "type": "aws_iam_role",
                    "depends_on": [],
                    "primary": {
                        "id": "ecs_task_execution_role",
                        "attributes": {
                            "arn": "arn:aws:iam::812508967154:role/ecs_task_execution_role",
                            "assume_role_policy": "{\"Version\":\"2012-10-17\",\"Statement\":[{\"Sid\":\"\",\"Effect\":\"Allow\",\"Principal\":{\"Service\":\"ecs-tasks.amazonaws.com\"},\"Action\":\"sts:AssumeRole\"}]}",
                            "create_date": "2018-03-20T20:49:20Z",
                            "force_detach_policies": "false",
                            "id": "ecs_task_execution_role",
                            "name": "ecs_task_execution_role",
                            "path": "/",
                            "unique_id": "AROAI7A745AWBS27DRBBA"
                        },
                        "meta": {},
                        "tainted": false
                    },
                    "deposed": [],
                    "provider": "provider.aws"
                },
                "aws_iam_role.ecs_role": {
                    "type": "aws_iam_role",
                    "depends_on": [
                        "data.aws_iam_policy_document.ecs_service_role"
                    ],
                    "primary": {
                        "id": "ecs_role",
                        "attributes": {
                            "arn": "arn:aws:iam::812508967154:role/ecs_role",
                            "assume_role_policy": "{\"Version\":\"2012-10-17\",\"Statement\":[{\"Sid\":\"\",\"Effect\":\"Allow\",\"Principal\":{\"Service\":\"ecs.amazonaws.com\"},\"Action\":\"sts:AssumeRole\"}]}",
                            "create_date": "2018-03-20T20:49:20Z",
                            "force_detach_policies": "false",
                            "id": "ecs_role",
                            "name": "ecs_role",
                            "path": "/",
                            "unique_id": "AROAIUTIBFOPUDO44LFBG"
                        },
                        "meta": {},
                        "tainted": false
                    },
                    "deposed": [],
                    "provider": "provider.aws"
                },
                "aws_iam_role_policy.ecs_execution_role_policy": {
                    "type": "aws_iam_role_policy",
                    "depends_on": [
                        "aws_iam_role.ecs_execution_role"
                    ],
                    "primary": {
                        "id": "ecs_task_execution_role:ecs_execution_role_policy",
                        "attributes": {
                            "id": "ecs_task_execution_role:ecs_execution_role_policy",
                            "name": "ecs_execution_role_policy",
                            "policy": "{\n  \"Version\": \"2012-10-17\",\n  \"Statement\": [\n    {\n      \"Effect\": \"Allow\",\n      \"Action\": [\n        \"ecr:GetAuthorizationToken\",\n        \"ecr:BatchCheckLayerAvailability\",\n        \"ecr:GetDownloadUrlForLayer\",\n        \"ecr:BatchGetImage\",\n        \"logs:CreateLogStream\",\n        \"logs:PutLogEvents\"\n      ],\n      \"Resource\": \"*\"\n    }\n  ]\n}\n",
                            "role": "ecs_task_execution_role"
                        },
                        "meta": {},
                        "tainted": false
                    },
                    "deposed": [],
                    "provider": "provider.aws"
                },
                "aws_iam_role_policy.ecs_service_role_policy": {
                    "type": "aws_iam_role_policy",
                    "depends_on": [
                        "aws_iam_role.ecs_role",
                        "data.aws_iam_policy_document.ecs_service_policy"
                    ],
                    "primary": {
                        "id": "ecs_role:ecs_service_role_policy",
                        "attributes": {
                            "id": "ecs_role:ecs_service_role_policy",
                            "name": "ecs_service_role_policy",
                            "policy": "{\n  \"Version\": \"2012-10-17\",\n  \"Statement\": [\n    {\n      \"Sid\": \"\",\n      \"Effect\": \"Allow\",\n      \"Action\": [\n        \"elasticloadbalancing:RegisterInstancesWithLoadBalancer\",\n        \"elasticloadbalancing:Describe*\",\n        \"elasticloadbalancing:DeregisterInstancesFromLoadBalancer\",\n        \"ec2:Describe*\",\n        \"ec2:AuthorizeSecurityGroupIngress\"\n      ],\n      \"Resource\": \"*\"\n    }\n  ]\n}",
                            "role": "ecs_role"
                        },
                        "meta": {},
                        "tainted": false
                    },
                    "deposed": [],
                    "provider": "provider.aws"
                },
                "aws_security_group.ecs_service": {
                    "type": "aws_security_group",
                    "depends_on": [],
                    "primary": {
                        "id": "sg-a24504d4",
                        "attributes": {
                            "description": "Allow egress from container",
                            "egress.#": "1",
                            "egress.482069346.cidr_blocks.#": "1",
                            "egress.482069346.cidr_blocks.0": "0.0.0.0/0",
                            "egress.482069346.description": "",
                            "egress.482069346.from_port": "0",
                            "egress.482069346.ipv6_cidr_blocks.#": "0",
                            "egress.482069346.prefix_list_ids.#": "0",
                            "egress.482069346.protocol": "-1",
                            "egress.482069346.security_groups.#": "0",
                            "egress.482069346.self": "false",
                            "egress.482069346.to_port": "0",
                            "id": "sg-a24504d4",
                            "ingress.#": "1",
                            "ingress.3068409405.cidr_blocks.#": "1",
                            "ingress.3068409405.cidr_blocks.0": "0.0.0.0/0",
                            "ingress.3068409405.description": "",
                            "ingress.3068409405.from_port": "8",
                            "ingress.3068409405.ipv6_cidr_blocks.#": "0",
                            "ingress.3068409405.protocol": "icmp",
                            "ingress.3068409405.security_groups.#": "0",
                            "ingress.3068409405.self": "false",
                            "ingress.3068409405.to_port": "0",
                            "name": "dev-ecs-service-sg",
                            "owner_id": "812508967154",
                            "revoke_rules_on_delete": "false",
                            "tags.%": "2",
                            "tags.Environment": "dev",
                            "tags.Name": "dev-ecs-service-sg",
                            "vpc_id": "vpc-d0018cab"
                        },
                        "meta": {
                            "e2bfb730-ecaa-11e6-8f88-34363bc7c4c0": {
                                "create": 600000000000,
                                "delete": 600000000000
                            },
                            "schema_version": "1"
                        },
                        "tainted": false
                    },
                    "deposed": [],
                    "provider": "provider.aws"
                },
                "aws_security_group.osticket_inbound_sg": {
                    "type": "aws_security_group",
                    "depends_on": [],
                    "primary": {
                        "id": "sg-e93f7e9f",
                        "attributes": {
                            "description": "Allow HTTP from Anywhere into ALB",
                            "egress.#": "1",
                            "egress.482069346.cidr_blocks.#": "1",
                            "egress.482069346.cidr_blocks.0": "0.0.0.0/0",
                            "egress.482069346.description": "",
                            "egress.482069346.from_port": "0",
                            "egress.482069346.ipv6_cidr_blocks.#": "0",
                            "egress.482069346.prefix_list_ids.#": "0",
                            "egress.482069346.protocol": "-1",
                            "egress.482069346.security_groups.#": "0",
                            "egress.482069346.self": "false",
                            "egress.482069346.to_port": "0",
                            "id": "sg-e93f7e9f",
                            "ingress.#": "2",
                            "ingress.2214680975.cidr_blocks.#": "1",
                            "ingress.2214680975.cidr_blocks.0": "0.0.0.0/0",
                            "ingress.2214680975.description": "",
                            "ingress.2214680975.from_port": "80",
                            "ingress.2214680975.ipv6_cidr_blocks.#": "0",
                            "ingress.2214680975.protocol": "tcp",
                            "ingress.2214680975.security_groups.#": "0",
                            "ingress.2214680975.self": "false",
                            "ingress.2214680975.to_port": "80",
                            "ingress.3068409405.cidr_blocks.#": "1",
                            "ingress.3068409405.cidr_blocks.0": "0.0.0.0/0",
                            "ingress.3068409405.description": "",
                            "ingress.3068409405.from_port": "8",
                            "ingress.3068409405.ipv6_cidr_blocks.#": "0",
                            "ingress.3068409405.protocol": "icmp",
                            "ingress.3068409405.security_groups.#": "0",
                            "ingress.3068409405.self": "false",
                            "ingress.3068409405.to_port": "0",
                            "name": "dev-osticket-inbound-sg",
                            "owner_id": "812508967154",
                            "revoke_rules_on_delete": "false",
                            "tags.%": "1",
                            "tags.Name": "dev-osticket-inbound-sg",
                            "vpc_id": "vpc-d0018cab"
                        },
                        "meta": {
                            "e2bfb730-ecaa-11e6-8f88-34363bc7c4c0": {
                                "create": 600000000000,
                                "delete": 600000000000
                            },
                            "schema_version": "1"
                        },
                        "tainted": false
                    },
                    "deposed": [],
                    "provider": "provider.aws"
                },
                "data.aws_ecs_task_definition.mysql": {
                    "type": "aws_ecs_task_definition",
                    "depends_on": [
                        "aws_ecs_task_definition.mysql"
                    ],
                    "primary": {
                        "id": "arn:aws:ecs:us-east-1:812508967154:task-definition/dev_mysql:1",
                        "attributes": {
                            "family": "dev_mysql",
                            "id": "arn:aws:ecs:us-east-1:812508967154:task-definition/dev_mysql:1",
                            "network_mode": "awsvpc",
                            "revision": "1",
                            "status": "ACTIVE",
                            "task_definition": "dev_mysql",
                            "task_role_arn": "arn:aws:iam::812508967154:role/ecs_task_execution_role"
                        },
                        "meta": {},
                        "tainted": false
                    },
                    "deposed": [],
                    "provider": "provider.aws"
                },
                "data.aws_ecs_task_definition.osticket": {
                    "type": "aws_ecs_task_definition",
                    "depends_on": [
                        "aws_ecs_task_definition.mysql",
                        "aws_ecs_task_definition.osticket"
                    ],
                    "primary": {
                        "id": "arn:aws:ecs:us-east-1:812508967154:task-definition/dev_osticket:1",
                        "attributes": {
                            "family": "dev_osticket",
                            "id": "arn:aws:ecs:us-east-1:812508967154:task-definition/dev_osticket:1",
                            "network_mode": "awsvpc",
                            "revision": "1",
                            "status": "ACTIVE",
                            "task_definition": "dev_osticket",
                            "task_role_arn": "arn:aws:iam::812508967154:role/ecs_task_execution_role"
                        },
                        "meta": {},
                        "tainted": false
                    },
                    "deposed": [],
                    "provider": "provider.aws"
                },
                "data.aws_iam_policy_document.ecs_service_policy": {
                    "type": "aws_iam_policy_document",
                    "depends_on": [],
                    "primary": {
                        "id": "3615693260",
                        "attributes": {
                            "id": "3615693260",
                            "json": "{\n  \"Version\": \"2012-10-17\",\n  \"Statement\": [\n    {\n      \"Sid\": \"\",\n      \"Effect\": \"Allow\",\n      \"Action\": [\n        \"elasticloadbalancing:RegisterInstancesWithLoadBalancer\",\n        \"elasticloadbalancing:Describe*\",\n        \"elasticloadbalancing:DeregisterInstancesFromLoadBalancer\",\n        \"ec2:Describe*\",\n        \"ec2:AuthorizeSecurityGroupIngress\"\n      ],\n      \"Resource\": \"*\"\n    }\n  ]\n}",
                            "statement.#": "1",
                            "statement.0.actions.#": "5",
                            "statement.0.actions.2459212947": "ec2:Describe*",
                            "statement.0.actions.2464853358": "ec2:AuthorizeSecurityGroupIngress",
                            "statement.0.actions.2706807274": "elasticloadbalancing:DeregisterInstancesFromLoadBalancer",
                            "statement.0.actions.2747799858": "elasticloadbalancing:Describe*",
                            "statement.0.actions.982461153": "elasticloadbalancing:RegisterInstancesWithLoadBalancer",
                            "statement.0.condition.#": "0",
                            "statement.0.effect": "Allow",
                            "statement.0.not_actions.#": "0",
                            "statement.0.not_principals.#": "0",
                            "statement.0.not_resources.#": "0",
                            "statement.0.principals.#": "0",
                            "statement.0.resources.#": "1",
                            "statement.0.resources.2679715827": "*",
                            "statement.0.sid": ""
                        },
                        "meta": {},
                        "tainted": false
                    },
                    "deposed": [],
                    "provider": "provider.aws"
                },
                "data.aws_iam_policy_document.ecs_service_role": {
                    "type": "aws_iam_policy_document",
                    "depends_on": [],
                    "primary": {
                        "id": "3622649364",
                        "attributes": {
                            "id": "3622649364",
                            "json": "{\n  \"Version\": \"2012-10-17\",\n  \"Statement\": [\n    {\n      \"Sid\": \"\",\n      \"Effect\": \"Allow\",\n      \"Action\": \"sts:AssumeRole\",\n      \"Principal\": {\n        \"Service\": \"ecs.amazonaws.com\"\n      }\n    }\n  ]\n}",
                            "statement.#": "1",
                            "statement.0.actions.#": "1",
                            "statement.0.actions.2528466339": "sts:AssumeRole",
                            "statement.0.condition.#": "0",
                            "statement.0.effect": "Allow",
                            "statement.0.not_actions.#": "0",
                            "statement.0.not_principals.#": "0",
                            "statement.0.not_resources.#": "0",
                            "statement.0.principals.#": "1",
                            "statement.0.principals.1113412664.identifiers.#": "1",
                            "statement.0.principals.1113412664.identifiers.1509832800": "ecs.amazonaws.com",
                            "statement.0.principals.1113412664.type": "Service",
                            "statement.0.resources.#": "0",
                            "statement.0.sid": ""
                        },
                        "meta": {},
                        "tainted": false
                    },
                    "deposed": [],
                    "provider": "provider.aws"
                },
                "data.template_file.mysql_task": {
                    "type": "template_file",
                    "depends_on": [
                        "aws_cloudwatch_log_group.service_desk",
                        "aws_ecr_repository.mysql_app"
                    ],
                    "primary": {
                        "id": "8151a0ebd84d880b1c1028b145f678cdf5f3e241c13892c44f69c5f341c1cedf",
                        "attributes": {
                            "id": "8151a0ebd84d880b1c1028b145f678cdf5f3e241c13892c44f69c5f341c1cedf",
                            "rendered": "[\n  {\n    \"name\": \"mysql\",\n    \"image\": \"812508967154.dkr.ecr.us-east-1.amazonaws.com/mysql\",\n    \"memory\": 300,\n    \"logConfiguration\": {\n      \"logDriver\": \"awslogs\",\n      \"options\": {\n        \"awslogs-group\": \"service_desk\",\n        \"awslogs-region\": \"us-east-1\",\n        \"awslogs-stream-prefix\": \"mysql\"\n      }\n    },\n    \"environment\": [\n      {\n        \"name\": \"MYSQL_DATABASE\",\n        \"value\": \"osticket\"\n      },\n      {\n        \"name\": \"MYSQL_PASSWORD\",\n        \"value\": \"secret\"\n      },\n      {\n        \"name\": \"MYSQL_ROOT_PASSWORD\",\n        \"value\": \"secret\"\n      },\n      {\n        \"name\": \"MYSQL_USER\",\n        \"value\": \"osticket\"\n      }\n    ]\n  }\n]\n",
                            "template": "[\n  {\n    \"name\": \"mysql\",\n    \"image\": \"${image}\",\n    \"memory\": 300,\n    \"logConfiguration\": {\n      \"logDriver\": \"awslogs\",\n      \"options\": {\n        \"awslogs-group\": \"${log_group}\",\n        \"awslogs-region\": \"${region}\",\n        \"awslogs-stream-prefix\": \"mysql\"\n      }\n    },\n    \"environment\": [\n      {\n        \"name\": \"MYSQL_DATABASE\",\n        \"value\": \"${mysql_database}\"\n      },\n      {\n        \"name\": \"MYSQL_PASSWORD\",\n        \"value\": \"${mysql_password}\"\n      },\n      {\n        \"name\": \"MYSQL_ROOT_PASSWORD\",\n        \"value\": \"${mysql_root_password}\"\n      },\n      {\n        \"name\": \"MYSQL_USER\",\n        \"value\": \"${mysql_user}\"\n      }\n    ]\n  }\n]\n",
                            "vars.%": "7",
                            "vars.image": "812508967154.dkr.ecr.us-east-1.amazonaws.com/mysql",
                            "vars.log_group": "service_desk",
                            "vars.mysql_database": "osticket",
                            "vars.mysql_password": "secret",
                            "vars.mysql_root_password": "secret",
                            "vars.mysql_user": "osticket",
                            "vars.region": "us-east-1"
                        },
                        "meta": {},
                        "tainted": false
                    },
                    "deposed": [],
                    "provider": "provider.template"
                },
                "data.template_file.osticket_task": {
                    "type": "template_file",
                    "depends_on": [
                        "aws_cloudwatch_log_group.service_desk",
                        "aws_ecr_repository.osticket_app"
                    ],
                    "primary": {
                        "id": "f9d1acb12958c74e99fcbc49c968e17941f813c5d82c477201f55e690badf9e1",
                        "attributes": {
                            "id": "f9d1acb12958c74e99fcbc49c968e17941f813c5d82c477201f55e690badf9e1",
                            "rendered": "[\n  {\n    \"name\": \"osticket\",\n    \"image\": \"812508967154.dkr.ecr.us-east-1.amazonaws.com/campbellsoftwaresolutions/osticket\",\n    \"portMappings\": [\n      {\n        \"containerPort\": 80,\n        \"hostPort\": 80\n      }\n    ],\n    \"memory\": 300,\n    \"networkMode\": \"awsvpc\",\n    \"logConfiguration\": {\n      \"logDriver\": \"awslogs\",\n      \"options\": {\n        \"awslogs-group\": \"service_desk\",\n        \"awslogs-region\": \"us-east-1\",\n        \"awslogs-stream-prefix\": \"osticket\"\n      }\n    },\n    \"environment\": [\n      {\n        \"name\": \"MYSQL_DATABASE\",\n        \"value\": \"osticket\"\n      },\n      {\n        \"name\": \"MYSQL_HOST\",\n        \"value\": \"mysql\"\n      },\n      {\n        \"name\": \"MYSQL_PASSWORD\",\n        \"value\": \"secret\"\n      },\n      {\n        \"name\": \"MYSQL_ROOT_PASSWORD\",\n        \"value\": \"secret\"\n      },\n      {\n        \"name\": \"MYSQL_USER\",\n        \"value\": \"osticket\"\n      }\n    ]\n  }\n]\n\n",
                            "template": "[\n  {\n    \"name\": \"osticket\",\n    \"image\": \"${image}\",\n    \"portMappings\": [\n      {\n        \"containerPort\": 80,\n        \"hostPort\": 80\n      }\n    ],\n    \"memory\": 300,\n    \"networkMode\": \"awsvpc\",\n    \"logConfiguration\": {\n      \"logDriver\": \"awslogs\",\n      \"options\": {\n        \"awslogs-group\": \"${log_group}\",\n        \"awslogs-region\": \"${region}\",\n        \"awslogs-stream-prefix\": \"osticket\"\n      }\n    },\n    \"environment\": [\n      {\n        \"name\": \"MYSQL_DATABASE\",\n        \"value\": \"${mysql_database}\"\n      },\n      {\n        \"name\": \"MYSQL_HOST\",\n        \"value\": \"${mysql_host}\"\n      },\n      {\n        \"name\": \"MYSQL_PASSWORD\",\n        \"value\": \"${mysql_password}\"\n      },\n      {\n        \"name\": \"MYSQL_ROOT_PASSWORD\",\n        \"value\": \"${mysql_root_password}\"\n      },\n      {\n        \"name\": \"MYSQL_USER\",\n        \"value\": \"${mysql_user}\"\n      }\n    ]\n  }\n]\n\n",
                            "vars.%": "8",
                            "vars.image": "812508967154.dkr.ecr.us-east-1.amazonaws.com/campbellsoftwaresolutions/osticket",
                            "vars.log_group": "service_desk",
                            "vars.mysql_database": "osticket",
                            "vars.mysql_host": "mysql",
                            "vars.mysql_password": "secret",
                            "vars.mysql_root_password": "secret",
                            "vars.mysql_user": "osticket",
                            "vars.region": "us-east-1"
                        },
                        "meta": {},
                        "tainted": false
                    },
                    "deposed": [],
                    "provider": "provider.template"
                },
                "random_id.target_group_sufix": {
                    "type": "random_id",
                    "depends_on": [],
                    "primary": {
                        "id": "m5w",
                        "attributes": {
                            "b64": "m5w",
                            "b64_std": "m5w=",
                            "b64_url": "m5w",
                            "byte_length": "2",
                            "dec": "39836",
                            "hex": "9b9c",
                            "id": "m5w"
                        },
                        "meta": {},
                        "tainted": false
                    },
                    "deposed": [],
                    "provider": "provider.random"
                }
            },
            "depends_on": []
        },
        {
            "path": [
                "root",
                "networking"
            ],
            "outputs": {
                "default_sg_id": {
                    "sensitive": false,
                    "type": "string",
                    "value": "sg-e4410092"
                },
                "private_subnets_id": {
                    "sensitive": false,
                    "type": "list",
                    "value": [
                        "subnet-c9e72283",
                        "subnet-54c6f709"
                    ]
                },
                "public_subnets_id": {
                    "sensitive": false,
                    "type": "list",
                    "value": [
                        "subnet-78ec2932",
                        "subnet-e4b687b9"
                    ]
                },
                "security_groups_ids": {
                    "sensitive": false,
                    "type": "list",
                    "value": [
                        "sg-e4410092"
                    ]
                },
                "vpc_id": {
                    "sensitive": false,
                    "type": "string",
                    "value": "vpc-d0018cab"
                }
            },
            "resources": {
                "aws_eip.nat_eip": {
                    "type": "aws_eip",
                    "depends_on": [
                        "aws_internet_gateway.ig"
                    ],
                    "primary": {
                        "id": "eipalloc-00e66209",
                        "attributes": {
                            "association_id": "eipassoc-3274b7e8",
                            "domain": "vpc",
                            "id": "eipalloc-00e66209",
                            "instance": "",
                            "network_interface": "eni-7520aac0",
                            "private_ip": "10.0.1.114",
                            "public_ip": "34.200.119.215",
                            "tags.%": "0",
                            "vpc": "true"
                        },
                        "meta": {},
                        "tainted": false
                    },
                    "deposed": [],
                    "provider": "provider.aws"
                },
                "aws_internet_gateway.ig": {
                    "type": "aws_internet_gateway",
                    "depends_on": [
                        "aws_vpc.vpc"
                    ],
                    "primary": {
                        "id": "igw-1640e66e",
                        "attributes": {
                            "id": "igw-1640e66e",
                            "tags.%": "2",
                            "tags.Environment": "dev",
                            "tags.Name": "dev-igw",
                            "vpc_id": "vpc-d0018cab"
                        },
                        "meta": {},
                        "tainted": false
                    },
                    "deposed": [],
                    "provider": "provider.aws"
                },
                "aws_nat_gateway.nat": {
                    "type": "aws_nat_gateway",
                    "depends_on": [
                        "aws_eip.nat_eip",
                        "aws_internet_gateway.ig",
                        "aws_subnet.public_subnet.*"
                    ],
                    "primary": {
                        "id": "nat-024b855dc849f4aaa",
                        "attributes": {
                            "allocation_id": "eipalloc-00e66209",
                            "id": "nat-024b855dc849f4aaa",
                            "network_interface_id": "eni-7520aac0",
                            "private_ip": "10.0.1.114",
                            "public_ip": "34.200.119.215",
                            "subnet_id": "subnet-78ec2932",
                            "tags.%": "2",
                            "tags.Environment": "dev",
                            "tags.Name": "dev-us-east-1a-nat"
                        },
                        "meta": {},
                        "tainted": false
                    },
                    "deposed": [],
                    "provider": "provider.aws"
                },
                "aws_route.private_nat_gateway": {
                    "type": "aws_route",
                    "depends_on": [
                        "aws_nat_gateway.nat",
                        "aws_route_table.private"
                    ],
                    "primary": {
                        "id": "r-rtb-20813f5c1080289494",
                        "attributes": {
                            "destination_cidr_block": "0.0.0.0/0",
                            "destination_prefix_list_id": "",
                            "egress_only_gateway_id": "",
                            "gateway_id": "",
                            "id": "r-rtb-20813f5c1080289494",
                            "instance_id": "",
                            "instance_owner_id": "",
                            "nat_gateway_id": "nat-024b855dc849f4aaa",
                            "network_interface_id": "",
                            "origin": "CreateRoute",
                            "route_table_id": "rtb-20813f5c",
                            "state": "active",
                            "vpc_peering_connection_id": ""
                        },
                        "meta": {
                            "e2bfb730-ecaa-11e6-8f88-34363bc7c4c0": {
                                "create": 120000000000,
                                "delete": 300000000000
                            }
                        },
                        "tainted": false
                    },
                    "deposed": [],
                    "provider": "provider.aws"
                },
                "aws_route.public_internet_gateway": {
                    "type": "aws_route",
                    "depends_on": [
                        "aws_internet_gateway.ig",
                        "aws_route_table.public"
                    ],
                    "primary": {
                        "id": "r-rtb-eb79c7971080289494",
                        "attributes": {
                            "destination_cidr_block": "0.0.0.0/0",
                            "destination_prefix_list_id": "",
                            "egress_only_gateway_id": "",
                            "gateway_id": "igw-1640e66e",
                            "id": "r-rtb-eb79c7971080289494",
                            "instance_id": "",
                            "instance_owner_id": "",
                            "nat_gateway_id": "",
                            "network_interface_id": "",
                            "origin": "CreateRoute",
                            "route_table_id": "rtb-eb79c797",
                            "state": "active",
                            "vpc_peering_connection_id": ""
                        },
                        "meta": {
                            "e2bfb730-ecaa-11e6-8f88-34363bc7c4c0": {
                                "create": 120000000000,
                                "delete": 300000000000
                            }
                        },
                        "tainted": false
                    },
                    "deposed": [],
                    "provider": "provider.aws"
                },
                "aws_route_table.private": {
                    "type": "aws_route_table",
                    "depends_on": [
                        "aws_vpc.vpc"
                    ],
                    "primary": {
                        "id": "rtb-20813f5c",
                        "attributes": {
                            "id": "rtb-20813f5c",
                            "propagating_vgws.#": "0",
                            "route.#": "1",
                            "route.264163926.cidr_block": "0.0.0.0/0",
                            "route.264163926.egress_only_gateway_id": "",
                            "route.264163926.gateway_id": "",
                            "route.264163926.instance_id": "",
                            "route.264163926.ipv6_cidr_block": "",
                            "route.264163926.nat_gateway_id": "nat-024b855dc849f4aaa",
                            "route.264163926.network_interface_id": "",
                            "route.264163926.vpc_peering_connection_id": "",
                            "tags.%": "2",
                            "tags.Environment": "dev",
                            "tags.Name": "dev-private-route-table",
                            "vpc_id": "vpc-d0018cab"
                        },
                        "meta": {},
                        "tainted": false
                    },
                    "deposed": [],
                    "provider": "provider.aws"
                },
                "aws_route_table.public": {
                    "type": "aws_route_table",
                    "depends_on": [
                        "aws_vpc.vpc"
                    ],
                    "primary": {
                        "id": "rtb-eb79c797",
                        "attributes": {
                            "id": "rtb-eb79c797",
                            "propagating_vgws.#": "0",
                            "route.#": "1",
                            "route.3302537801.cidr_block": "0.0.0.0/0",
                            "route.3302537801.egress_only_gateway_id": "",
                            "route.3302537801.gateway_id": "igw-1640e66e",
                            "route.3302537801.instance_id": "",
                            "route.3302537801.ipv6_cidr_block": "",
                            "route.3302537801.nat_gateway_id": "",
                            "route.3302537801.network_interface_id": "",
                            "route.3302537801.vpc_peering_connection_id": "",
                            "tags.%": "2",
                            "tags.Environment": "dev",
                            "tags.Name": "dev-public-route-table",
                            "vpc_id": "vpc-d0018cab"
                        },
                        "meta": {},
                        "tainted": false
                    },
                    "deposed": [],
                    "provider": "provider.aws"
                },
                "aws_route_table_association.private.0": {
                    "type": "aws_route_table_association",
                    "depends_on": [
                        "aws_route_table.private",
                        "aws_subnet.private_subnet.*"
                    ],
                    "primary": {
                        "id": "rtbassoc-8dd734f2",
                        "attributes": {
                            "id": "rtbassoc-8dd734f2",
                            "route_table_id": "rtb-20813f5c",
                            "subnet_id": "subnet-c9e72283"
                        },
                        "meta": {},
                        "tainted": false
                    },
                    "deposed": [],
                    "provider": "provider.aws"
                },
                "aws_route_table_association.private.1": {
                    "type": "aws_route_table_association",
                    "depends_on": [
                        "aws_route_table.private",
                        "aws_subnet.private_subnet.*"
                    ],
                    "primary": {
                        "id": "rtbassoc-50d1322f",
                        "attributes": {
                            "id": "rtbassoc-50d1322f",
                            "route_table_id": "rtb-20813f5c",
                            "subnet_id": "subnet-54c6f709"
                        },
                        "meta": {},
                        "tainted": false
                    },
                    "deposed": [],
                    "provider": "provider.aws"
                },
                "aws_route_table_association.public.0": {
                    "type": "aws_route_table_association",
                    "depends_on": [
                        "aws_route_table.public",
                        "aws_subnet.public_subnet.*"
                    ],
                    "primary": {
                        "id": "rtbassoc-1cc42763",
                        "attributes": {
                            "id": "rtbassoc-1cc42763",
                            "route_table_id": "rtb-eb79c797",
                            "subnet_id": "subnet-78ec2932"
                        },
                        "meta": {},
                        "tainted": false
                    },
                    "deposed": [],
                    "provider": "provider.aws"
                },
                "aws_route_table_association.public.1": {
                    "type": "aws_route_table_association",
                    "depends_on": [
                        "aws_route_table.public",
                        "aws_subnet.public_subnet.*"
                    ],
                    "primary": {
                        "id": "rtbassoc-4fd13230",
                        "attributes": {
                            "id": "rtbassoc-4fd13230",
                            "route_table_id": "rtb-eb79c797",
                            "subnet_id": "subnet-e4b687b9"
                        },
                        "meta": {},
                        "tainted": false
                    },
                    "deposed": [],
                    "provider": "provider.aws"
                },
                "aws_security_group.default": {
                    "type": "aws_security_group",
                    "depends_on": [
                        "aws_vpc.vpc"
                    ],
                    "primary": {
                        "id": "sg-e4410092",
                        "attributes": {
                            "description": "Default security group to allow inbound/outbound from the VPC",
                            "egress.#": "1",
                            "egress.753360330.cidr_blocks.#": "0",
                            "egress.753360330.description": "",
                            "egress.753360330.from_port": "0",
                            "egress.753360330.ipv6_cidr_blocks.#": "0",
                            "egress.753360330.prefix_list_ids.#": "0",
                            "egress.753360330.protocol": "-1",
                            "egress.753360330.security_groups.#": "0",
                            "egress.753360330.self": "true",
                            "egress.753360330.to_port": "0",
                            "id": "sg-e4410092",
                            "ingress.#": "1",
                            "ingress.753360330.cidr_blocks.#": "0",
                            "ingress.753360330.description": "",
                            "ingress.753360330.from_port": "0",
                            "ingress.753360330.ipv6_cidr_blocks.#": "0",
                            "ingress.753360330.protocol": "-1",
                            "ingress.753360330.security_groups.#": "0",
                            "ingress.753360330.self": "true",
                            "ingress.753360330.to_port": "0",
                            "name": "dev-default-sg",
                            "owner_id": "812508967154",
                            "revoke_rules_on_delete": "false",
                            "tags.%": "1",
                            "tags.Environment": "dev",
                            "vpc_id": "vpc-d0018cab"
                        },
                        "meta": {
                            "e2bfb730-ecaa-11e6-8f88-34363bc7c4c0": {
                                "create": 600000000000,
                                "delete": 600000000000
                            },
                            "schema_version": "1"
                        },
                        "tainted": false
                    },
                    "deposed": [],
                    "provider": "provider.aws"
                },
                "aws_subnet.private_subnet.0": {
                    "type": "aws_subnet",
                    "depends_on": [
                        "aws_vpc.vpc"
                    ],
                    "primary": {
                        "id": "subnet-c9e72283",
                        "attributes": {
                            "assign_ipv6_address_on_creation": "false",
                            "availability_zone": "us-east-1a",
                            "cidr_block": "10.0.10.0/24",
                            "id": "subnet-c9e72283",
                            "map_public_ip_on_launch": "false",
                            "tags.%": "2",
                            "tags.Environment": "dev",
                            "tags.Name": "dev-us-east-1a-private-subnet",
                            "vpc_id": "vpc-d0018cab"
                        },
                        "meta": {
                            "schema_version": "1"
                        },
                        "tainted": false
                    },
                    "deposed": [],
                    "provider": "provider.aws"
                },
                "aws_subnet.private_subnet.1": {
                    "type": "aws_subnet",
                    "depends_on": [
                        "aws_vpc.vpc"
                    ],
                    "primary": {
                        "id": "subnet-54c6f709",
                        "attributes": {
                            "assign_ipv6_address_on_creation": "false",
                            "availability_zone": "us-east-1b",
                            "cidr_block": "10.0.20.0/24",
                            "id": "subnet-54c6f709",
                            "map_public_ip_on_launch": "false",
                            "tags.%": "2",
                            "tags.Environment": "dev",
                            "tags.Name": "dev-us-east-1b-private-subnet",
                            "vpc_id": "vpc-d0018cab"
                        },
                        "meta": {
                            "schema_version": "1"
                        },
                        "tainted": false
                    },
                    "deposed": [],
                    "provider": "provider.aws"
                },
                "aws_subnet.public_subnet.0": {
                    "type": "aws_subnet",
                    "depends_on": [
                        "aws_vpc.vpc"
                    ],
                    "primary": {
                        "id": "subnet-78ec2932",
                        "attributes": {
                            "assign_ipv6_address_on_creation": "false",
                            "availability_zone": "us-east-1a",
                            "cidr_block": "10.0.1.0/24",
                            "id": "subnet-78ec2932",
                            "map_public_ip_on_launch": "true",
                            "tags.%": "2",
                            "tags.Environment": "dev",
                            "tags.Name": "dev-us-east-1a-public-subnet",
                            "vpc_id": "vpc-d0018cab"
                        },
                        "meta": {
                            "schema_version": "1"
                        },
                        "tainted": false
                    },
                    "deposed": [],
                    "provider": "provider.aws"
                },
                "aws_subnet.public_subnet.1": {
                    "type": "aws_subnet",
                    "depends_on": [
                        "aws_vpc.vpc"
                    ],
                    "primary": {
                        "id": "subnet-e4b687b9",
                        "attributes": {
                            "assign_ipv6_address_on_creation": "false",
                            "availability_zone": "us-east-1b",
                            "cidr_block": "10.0.2.0/24",
                            "id": "subnet-e4b687b9",
                            "map_public_ip_on_launch": "true",
                            "tags.%": "2",
                            "tags.Environment": "dev",
                            "tags.Name": "dev-us-east-1b-public-subnet",
                            "vpc_id": "vpc-d0018cab"
                        },
                        "meta": {
                            "schema_version": "1"
                        },
                        "tainted": false
                    },
                    "deposed": [],
                    "provider": "provider.aws"
                },
                "aws_vpc.vpc": {
                    "type": "aws_vpc",
                    "depends_on": [],
                    "primary": {
                        "id": "vpc-d0018cab",
                        "attributes": {
                            "assign_generated_ipv6_cidr_block": "false",
                            "cidr_block": "10.0.0.0/16",
                            "default_network_acl_id": "acl-e1667d9a",
                            "default_route_table_id": "rtb-f7833d8b",
                            "default_security_group_id": "sg-c03e7fb6",
                            "dhcp_options_id": "dopt-5f1c3a27",
                            "enable_classiclink": "false",
                            "enable_classiclink_dns_support": "false",
                            "enable_dns_hostnames": "true",
                            "enable_dns_support": "true",
                            "id": "vpc-d0018cab",
                            "instance_tenancy": "default",
                            "main_route_table_id": "rtb-f7833d8b",
                            "tags.%": "2",
                            "tags.Environment": "dev",
                            "tags.Name": "dev-vpc"
                        },
                        "meta": {
                            "schema_version": "1"
                        },
                        "tainted": false
                    },
                    "deposed": [],
                    "provider": "provider.aws"
                }
            },
            "depends_on": []
        }
    ]
}
