{
    "version": 3,
    "terraform_version": "0.11.3",
    "serial": 22,
    "lineage": "f92a3993-f7dd-46f5-8b40-750615581fb3",
    "modules": [
        {
            "path": [
                "root"
            ],
            "outputs": {
                "alb_dns_name": {
                    "sensitive": false,
                    "type": "string",
                    "value": "dev-alb-service-desk-75614249.us-east-1.elb.amazonaws.com"
                }
            },
            "resources": {
                "aws_key_pair.key": {
                    "type": "aws_key_pair",
                    "depends_on": [],
                    "primary": {
                        "id": "bastion_pub_key",
                        "attributes": {
                            "fingerprint": "c5:db:ec:86:73:b3:06:7c:6c:48:f9:ce:a9:49:1f:d8",
                            "id": "bastion_pub_key",
                            "key_name": "bastion_pub_key",
                            "public_key": "ssh-rsa AAAAB3NzaC1yc2EAAAADAQABAAABAQDE+Yg14wqDH9yUAJakY2DQfftpOAZLsusWssoNF/P2XLgSITZT5Se1pS2vXW2OObsGvE0RlPTteFu9uH3Ca1VKWX9Kib5yUWo+QfyyAn5m+MYJn8V+hSQP4aa+HoI6QqccBswPZHoHqzd6U+492N7dsDnVQITtZ/Fq1aN/4qkn/7pmuazm9toAhDEy7NYAj3uRlZmNREBkccl1SoBHELvjZIXCWP3lb6az7YoGihGMT42+53xyy3rLm+eQpVXssa9yXlOaSxdm8LHLmj8l84jzAOGfyJ9ZKaP+DMjpUIrYilInDbgDCUEGaILcIgXhgMp4/PlRLgtTdUDFj1liIzrr chykovsky@Dianas-iMac.fios-router.home"
                        },
                        "meta": {
                            "schema_version": "1"
                        },
                        "tainted": false
                    },
                    "deposed": [],
                    "provider": "provider.aws"
                }
            },
            "depends_on": []
        },
        {
            "path": [
                "root",
                "code_pipeline"
            ],
            "outputs": {},
            "resources": {
                "aws_codebuild_project.service_desk_build": {
                    "type": "aws_codebuild_project",
                    "depends_on": [
                        "aws_iam_role.codebuild_role",
                        "data.template_file.buildspec"
                    ],
                    "primary": {
                        "id": "arn:aws:codebuild:us-east-1:812508967154:project/service-desk-codebuild",
                        "attributes": {
                            "artifacts.#": "1",
                            "artifacts.2731293239.location": "",
                            "artifacts.2731293239.name": "service-desk-codebuild",
                            "artifacts.2731293239.namespace_type": "",
                            "artifacts.2731293239.packaging": "NONE",
                            "artifacts.2731293239.path": "",
                            "artifacts.2731293239.type": "CODEPIPELINE",
                            "build_timeout": "10",
                            "description": "",
                            "encryption_key": "arn:aws:kms:us-east-1:812508967154:alias/aws/s3",
                            "environment.#": "1",
                            "environment.2882962266.compute_type": "BUILD_GENERAL1_SMALL",
                            "environment.2882962266.environment_variable.#": "0",
                            "environment.2882962266.image": "aws/codebuild/docker:1.12.1",
                            "environment.2882962266.privileged_mode": "true",
                            "environment.2882962266.type": "LINUX_CONTAINER",
                            "id": "arn:aws:codebuild:us-east-1:812508967154:project/service-desk-codebuild",
                            "name": "service-desk-codebuild",
                            "service_role": "arn:aws:iam::812508967154:role/codebuild-role",
                            "source.#": "1",
                            "source.1394625205.auth.#": "0",
                            "source.1394625205.buildspec": "version: 0.2\n\nphases:\n  pre_build:\n    commands:\n      - pip install awscli --upgrade --user\n      - echo `aws --version`\n      - echo Logging in to Amazon ECR...\n      - $(aws ecr get-login --region us-east-1 --no-include-email)\n      - OSTICKET_REPO_URI=812508967154.dkr.ecr.us-east-1.amazonaws.com/campbellsoftwaresolutions/osticket\n      - MYSQL_REPO_URI=812508967154.dkr.ecr.us-east-1.amazonaws.com/mysql\n      - echo Entered the pre_build phase...\n  build:\n    commands:\n      - echo Build started on `date`\n      - echo Building Docker images...\n      - docker build .\n      - echo Tagging Docker images...\n      - docker tag mysql:latest $MYSQL_REPO_URI:latest\n      - docker tag campbellsoftwaresolutions/osticket:latest $OSTICKET_REPO_URI:latest\n  post_build:\n    commands:\n      - echo Build completed on `date`\n      - echo Pushing the Docker images...\n      - docker push $MYSQL_REPO_URI:latest\n      - docker push $OSTICKET_REPO_URI:latest\n      - echo Writing image definitions file...\n      - printf '[{\"name\":\"mysql\",\"imageUri\":\"%s\"}]' $MYSQL_REPO_URI:latest \u003e imagedefinitions_mysql.json\n      - printf '[{\"name\":\"osticket\",\"imageUri\":\"%s\"}]' $OSTICKET_REPO_URI:latest \u003e imagedefinitions_osticket.json\n      - aws ecs run-task --launch-type FARGATE --cluster dev-ecs-cluster --task-definition dev_mysql --network-configuration \"awsvpcConfiguration={subnets=[subnet-459c5d0f],securityGroups=[sg-fd3c6f8b,sg-d8386bae,sg-c22370b4]}\"\n      - aws ecs run-task --launch-type FARGATE --cluster dev-ecs-cluster --task-definition dev_osticket --network-configuration \"awsvpcConfiguration={subnets=[subnet-459c5d0f],securityGroups=[sg-fd3c6f8b,sg-d8386bae,sg-c22370b4]}\"\nartifacts:\n  files: \n      - imagedefinitions_mysql.json\n      - imagedefinitions_osticket.json\n",
                            "source.1394625205.location": "",
                            "source.1394625205.type": "CODEPIPELINE",
                            "tags.%": "0",
                            "vpc_config.#": "0"
                        },
                        "meta": {},
                        "tainted": false
                    },
                    "deposed": [],
                    "provider": "provider.aws"
                },
                "aws_codepipeline.pipeline": {
                    "type": "aws_codepipeline",
                    "depends_on": [
                        "aws_iam_role.codepipeline_role",
                        "aws_s3_bucket.source"
                    ],
                    "primary": {
                        "id": "service-desk-pipeline",
                        "attributes": {
                            "arn": "arn:aws:codepipeline:us-east-1:812508967154:service-desk-pipeline",
                            "artifact_store.#": "1",
                            "artifact_store.0.encryption_key.#": "0",
                            "artifact_store.0.location": "service-desk-source",
                            "artifact_store.0.type": "S3",
                            "id": "service-desk-pipeline",
                            "name": "service-desk-pipeline",
                            "role_arn": "arn:aws:iam::812508967154:role/codepipeline-role",
                            "stage.#": "4",
                            "stage.0.action.#": "1",
                            "stage.0.action.0.category": "Source",
                            "stage.0.action.0.configuration.%": "3",
                            "stage.0.action.0.configuration.Branch": "master",
                            "stage.0.action.0.configuration.Owner": "chikeagu",
                            "stage.0.action.0.configuration.Repo": "service-desk-docker",
                            "stage.0.action.0.input_artifacts.#": "0",
                            "stage.0.action.0.name": "Source",
                            "stage.0.action.0.output_artifacts.#": "1",
                            "stage.0.action.0.output_artifacts.0": "source",
                            "stage.0.action.0.owner": "ThirdParty",
                            "stage.0.action.0.provider": "GitHub",
                            "stage.0.action.0.role_arn": "",
                            "stage.0.action.0.run_order": "1",
                            "stage.0.action.0.version": "1",
                            "stage.0.name": "Source",
                            "stage.1.action.#": "1",
                            "stage.1.action.0.category": "Build",
                            "stage.1.action.0.configuration.%": "1",
                            "stage.1.action.0.configuration.ProjectName": "service-desk-codebuild",
                            "stage.1.action.0.input_artifacts.#": "1",
                            "stage.1.action.0.input_artifacts.0": "source",
                            "stage.1.action.0.name": "Build",
                            "stage.1.action.0.output_artifacts.#": "1",
                            "stage.1.action.0.output_artifacts.0": "imagedefinitions",
                            "stage.1.action.0.owner": "AWS",
                            "stage.1.action.0.provider": "CodeBuild",
                            "stage.1.action.0.role_arn": "",
                            "stage.1.action.0.run_order": "1",
                            "stage.1.action.0.version": "1",
                            "stage.1.name": "Build",
                            "stage.2.action.#": "1",
                            "stage.2.action.0.category": "Deploy",
                            "stage.2.action.0.configuration.%": "3",
                            "stage.2.action.0.configuration.ClusterName": "dev-ecs-cluster",
                            "stage.2.action.0.configuration.FileName": "imagedefinitions_mysql.json",
                            "stage.2.action.0.configuration.ServiceName": "dev-mysql",
                            "stage.2.action.0.input_artifacts.#": "1",
                            "stage.2.action.0.input_artifacts.0": "imagedefinitions",
                            "stage.2.action.0.name": "Deploy",
                            "stage.2.action.0.output_artifacts.#": "0",
                            "stage.2.action.0.owner": "AWS",
                            "stage.2.action.0.provider": "ECS",
                            "stage.2.action.0.role_arn": "",
                            "stage.2.action.0.run_order": "1",
                            "stage.2.action.0.version": "1",
                            "stage.2.name": "dev_0",
                            "stage.3.action.#": "1",
                            "stage.3.action.0.category": "Deploy",
                            "stage.3.action.0.configuration.%": "3",
                            "stage.3.action.0.configuration.ClusterName": "dev-ecs-cluster",
                            "stage.3.action.0.configuration.FileName": "imagedefinitions_osticket.json",
                            "stage.3.action.0.configuration.ServiceName": "dev-osticket",
                            "stage.3.action.0.input_artifacts.#": "1",
                            "stage.3.action.0.input_artifacts.0": "imagedefinitions",
                            "stage.3.action.0.name": "Deploy",
                            "stage.3.action.0.output_artifacts.#": "0",
                            "stage.3.action.0.owner": "AWS",
                            "stage.3.action.0.provider": "ECS",
                            "stage.3.action.0.role_arn": "",
                            "stage.3.action.0.run_order": "1",
                            "stage.3.action.0.version": "1",
                            "stage.3.name": "dev_1"
                        },
                        "meta": {},
                        "tainted": false
                    },
                    "deposed": [],
                    "provider": "provider.aws"
                },
                "aws_iam_role.codebuild_role": {
                    "type": "aws_iam_role",
                    "depends_on": [],
                    "primary": {
                        "id": "codebuild-role",
                        "attributes": {
                            "arn": "arn:aws:iam::812508967154:role/codebuild-role",
                            "assume_role_policy": "{\"Version\":\"2012-10-17\",\"Statement\":[{\"Effect\":\"Allow\",\"Principal\":{\"Service\":\"codebuild.amazonaws.com\"},\"Action\":\"sts:AssumeRole\"}]}",
                            "create_date": "2018-03-23T06:49:48Z",
                            "force_detach_policies": "false",
                            "id": "codebuild-role",
                            "name": "codebuild-role",
                            "path": "/",
                            "unique_id": "AROAIZARYALSQK3OGJZRO"
                        },
                        "meta": {},
                        "tainted": false
                    },
                    "deposed": [],
                    "provider": "provider.aws"
                },
                "aws_iam_role.codepipeline_role": {
                    "type": "aws_iam_role",
                    "depends_on": [],
                    "primary": {
                        "id": "codepipeline-role",
                        "attributes": {
                            "arn": "arn:aws:iam::812508967154:role/codepipeline-role",
                            "assume_role_policy": "{\"Version\":\"2012-10-17\",\"Statement\":[{\"Effect\":\"Allow\",\"Principal\":{\"Service\":\"codepipeline.amazonaws.com\"},\"Action\":\"sts:AssumeRole\"}]}",
                            "create_date": "2018-03-23T06:49:48Z",
                            "force_detach_policies": "false",
                            "id": "codepipeline-role",
                            "name": "codepipeline-role",
                            "path": "/",
                            "unique_id": "AROAJ6ZWBCDILRXUCJNM6"
                        },
                        "meta": {},
                        "tainted": false
                    },
                    "deposed": [],
                    "provider": "provider.aws"
                },
                "aws_iam_role_policy.codebuild_policy": {
                    "type": "aws_iam_role_policy",
                    "depends_on": [
                        "aws_iam_role.codebuild_role",
                        "data.template_file.codebuild_policy"
                    ],
                    "primary": {
                        "id": "codebuild-role:codebuild-policy",
                        "attributes": {
                            "id": "codebuild-role:codebuild-policy",
                            "name": "codebuild-policy",
                            "policy": "{\n  \"Version\": \"2012-10-17\",\n  \"Statement\": [\n    {\n      \"Effect\": \"Allow\",\n      \"Resource\": [\n        \"*\"\n      ],\n      \"Action\": [\n        \"logs:CreateLogGroup\",\n        \"logs:CreateLogStream\",\n        \"logs:PutLogEvents\",\n        \"ecr:GetAuthorizationToken\",\n        \"ecr:InitiateLayerUpload\",\n        \"ecr:UploadLayerPart\",\n        \"ecr:CompleteLayerUpload\",\n        \"ecr:BatchCheckLayerAvailability\",\n        \"ecr:PutImage\",\n        \"ecs:RunTask\",\n        \"iam:PassRole\"\n      ]\n    },\n    {\n      \"Effect\":\"Allow\",\n      \"Action\": [\n        \"s3:GetObject\",\n        \"s3:GetObjectVersion\",\n        \"s3:GetBucketVersioning\",\n        \"s3:List*\",\n        \"s3:PutObject\"\n      ],\n      \"Resource\": [\n        \"arn:aws:s3:::service-desk-source\",\n        \"arn:aws:s3:::service-desk-source/*\"\n      ]\n    }\n  ]\n}\n",
                            "role": "codebuild-role"
                        },
                        "meta": {},
                        "tainted": false
                    },
                    "deposed": [],
                    "provider": "provider.aws"
                },
                "aws_iam_role_policy.codepipeline_policy": {
                    "type": "aws_iam_role_policy",
                    "depends_on": [
                        "aws_iam_role.codepipeline_role",
                        "data.template_file.codepipeline_policy"
                    ],
                    "primary": {
                        "id": "codepipeline-role:codepipeline_policy",
                        "attributes": {
                            "id": "codepipeline-role:codepipeline_policy",
                            "name": "codepipeline_policy",
                            "policy": "{\n  \"Version\": \"2012-10-17\",\n  \"Statement\": [\n    {\n      \"Effect\":\"Allow\",\n      \"Action\": [\n        \"s3:GetObject\",\n        \"s3:GetObjectVersion\",\n        \"s3:GetBucketVersioning\",\n        \"s3:List*\",\n        \"s3:PutObject\"\n      ],\n      \"Resource\": [\n        \"arn:aws:s3:::service-desk-source\",\n        \"arn:aws:s3:::service-desk-source/*\"\n      ]\n    },\n    {\n      \"Effect\": \"Allow\",\n      \"Action\": [\n        \"codebuild:BatchGetBuilds\",\n        \"codebuild:StartBuild\"\n      ],\n      \"Resource\": \"*\"\n    },\n    {\n      \"Action\": [\n        \"ecs:*\",\n        \"events:DescribeRule\",\n        \"events:DeleteRule\",\n        \"events:ListRuleNamesByTarget\",\n        \"events:ListTargetsByRule\",\n        \"events:PutRule\",\n        \"events:PutTargets\",\n        \"events:RemoveTargets\",\n        \"iam:ListAttachedRolePolicies\",\n        \"iam:ListInstanceProfiles\",\n        \"iam:ListRoles\",\n        \"logs:CreateLogGroup\",\n        \"logs:DescribeLogGroups\",\n        \"logs:FilterLogEvents\"\n      ],\n      \"Resource\": \"*\",\n      \"Effect\": \"Allow\"\n    },\n    {\n      \"Action\": \"iam:PassRole\",\n      \"Effect\": \"Allow\",\n      \"Resource\": [\n        \"*\"\n      ],\n      \"Condition\": {\n        \"StringLike\": {\n          \"iam:PassedToService\": \"ecs-tasks.amazonaws.com\"\n        }\n      }\n    },\n    {\n      \"Action\": \"iam:PassRole\",\n      \"Effect\": \"Allow\",\n      \"Resource\": [\n        \"arn:aws:iam::*:role/ecsInstanceRole*\"\n      ],\n      \"Condition\": {\n        \"StringLike\": {\n          \"iam:PassedToService\": [\n            \"ec2.amazonaws.com\",\n            \"ec2.amazonaws.com.cn\"\n          ]\n        }\n      }\n    },\n    {\n      \"Action\": \"iam:PassRole\",\n      \"Effect\": \"Allow\",\n      \"Resource\": [\n        \"arn:aws:iam::*:role/ecsAutoscaleRole*\"\n      ],\n      \"Condition\": {\n        \"StringLike\": {\n          \"iam:PassedToService\": [\n            \"application-autoscaling.amazonaws.com\",\n            \"application-autoscaling.amazonaws.com.cn\"\n          ]\n        }\n      }\n    },\n    {\n      \"Effect\": \"Allow\",\n      \"Action\": \"iam:CreateServiceLinkedRole\",\n      \"Resource\": \"*\",\n      \"Condition\": {\n        \"StringLike\": {\n          \"iam:AWSServiceName\": [\n            \"ecs.amazonaws.com\",\n            \"spot.amazonaws.com\",\n            \"spotfleet.amazonaws.com\"\n          ]\n        }\n      }\n    }\n  ]\n}\n",
                            "role": "codepipeline-role"
                        },
                        "meta": {},
                        "tainted": false
                    },
                    "deposed": [],
                    "provider": "provider.aws"
                },
                "aws_s3_bucket.source": {
                    "type": "aws_s3_bucket",
                    "depends_on": [],
                    "primary": {
                        "id": "service-desk-source",
                        "attributes": {
                            "acceleration_status": "",
                            "acl": "private",
                            "arn": "arn:aws:s3:::service-desk-source",
                            "bucket": "service-desk-source",
                            "bucket_domain_name": "service-desk-source.s3.amazonaws.com",
                            "force_destroy": "true",
                            "hosted_zone_id": "Z3AQBSTGFYJSTF",
                            "id": "service-desk-source",
                            "logging.#": "0",
                            "region": "us-east-1",
                            "replication_configuration.#": "0",
                            "request_payer": "BucketOwner",
                            "server_side_encryption_configuration.#": "0",
                            "tags.%": "0",
                            "versioning.#": "1",
                            "versioning.0.enabled": "false",
                            "versioning.0.mfa_delete": "false",
                            "website.#": "0"
                        },
                        "meta": {},
                        "tainted": false
                    },
                    "deposed": [],
                    "provider": "provider.aws"
                },
                "data.template_file.buildspec": {
                    "type": "template_file",
                    "depends_on": [],
                    "primary": {
                        "id": "df8e35cea2a80bea55f17111b2b75875201c297b66900845380ca1b7e5192b6c",
                        "attributes": {
                            "id": "df8e35cea2a80bea55f17111b2b75875201c297b66900845380ca1b7e5192b6c",
                            "rendered": "version: 0.2\n\nphases:\n  pre_build:\n    commands:\n      - pip install awscli --upgrade --user\n      - echo `aws --version`\n      - echo Logging in to Amazon ECR...\n      - $(aws ecr get-login --region us-east-1 --no-include-email)\n      - OSTICKET_REPO_URI=812508967154.dkr.ecr.us-east-1.amazonaws.com/campbellsoftwaresolutions/osticket\n      - MYSQL_REPO_URI=812508967154.dkr.ecr.us-east-1.amazonaws.com/mysql\n      - echo Entered the pre_build phase...\n  build:\n    commands:\n      - echo Build started on `date`\n      - echo Building Docker images...\n      - docker build .\n      - echo Tagging Docker images...\n      - docker tag mysql:latest $MYSQL_REPO_URI:latest\n      - docker tag campbellsoftwaresolutions/osticket:latest $OSTICKET_REPO_URI:latest\n  post_build:\n    commands:\n      - echo Build completed on `date`\n      - echo Pushing the Docker images...\n      - docker push $MYSQL_REPO_URI:latest\n      - docker push $OSTICKET_REPO_URI:latest\n      - echo Writing image definitions file...\n      - printf '[{\"name\":\"mysql\",\"imageUri\":\"%s\"}]' $MYSQL_REPO_URI:latest \u003e imagedefinitions_mysql.json\n      - printf '[{\"name\":\"osticket\",\"imageUri\":\"%s\"}]' $OSTICKET_REPO_URI:latest \u003e imagedefinitions_osticket.json\n      - aws ecs run-task --launch-type FARGATE --cluster dev-ecs-cluster --task-definition dev_mysql --network-configuration \"awsvpcConfiguration={subnets=[subnet-459c5d0f],securityGroups=[sg-fd3c6f8b,sg-d8386bae,sg-c22370b4]}\"\n      - aws ecs run-task --launch-type FARGATE --cluster dev-ecs-cluster --task-definition dev_osticket --network-configuration \"awsvpcConfiguration={subnets=[subnet-459c5d0f],securityGroups=[sg-fd3c6f8b,sg-d8386bae,sg-c22370b4]}\"\nartifacts:\n  files: \n      - imagedefinitions_mysql.json\n      - imagedefinitions_osticket.json\n",
                            "template": "version: 0.2\n\nphases:\n  pre_build:\n    commands:\n      - pip install awscli --upgrade --user\n      - echo `aws --version`\n      - echo Logging in to Amazon ECR...\n      - $(aws ecr get-login --region ${region} --no-include-email)\n      - OSTICKET_REPO_URI=${osticket_repo_url}\n      - MYSQL_REPO_URI=${mysql_repo_url}\n      - echo Entered the pre_build phase...\n  build:\n    commands:\n      - echo Build started on `date`\n      - echo Building Docker images...\n      - docker build .\n      - echo Tagging Docker images...\n      - docker tag mysql:latest $MYSQL_REPO_URI:latest\n      - docker tag campbellsoftwaresolutions/osticket:latest $OSTICKET_REPO_URI:latest\n  post_build:\n    commands:\n      - echo Build completed on `date`\n      - echo Pushing the Docker images...\n      - docker push $MYSQL_REPO_URI:latest\n      - docker push $OSTICKET_REPO_URI:latest\n      - echo Writing image definitions file...\n      - printf '[{\"name\":\"mysql\",\"imageUri\":\"%s\"}]' $MYSQL_REPO_URI:latest \u003e imagedefinitions_mysql.json\n      - printf '[{\"name\":\"osticket\",\"imageUri\":\"%s\"}]' $OSTICKET_REPO_URI:latest \u003e imagedefinitions_osticket.json\n      - aws ecs run-task --launch-type FARGATE --cluster ${cluster_name} --task-definition ${environment}_mysql --network-configuration \"awsvpcConfiguration={subnets=[${subnet_id}],securityGroups=[${security_group_ids}]}\"\n      - aws ecs run-task --launch-type FARGATE --cluster ${cluster_name} --task-definition ${environment}_osticket --network-configuration \"awsvpcConfiguration={subnets=[${subnet_id}],securityGroups=[${security_group_ids}]}\"\nartifacts:\n  files: \n      - imagedefinitions_mysql.json\n      - imagedefinitions_osticket.json\n",
                            "vars.%": "8",
                            "vars.cluster_name": "dev-ecs-cluster",
                            "vars.environment": "dev",
                            "vars.key_name": "bastion_pub_key",
                            "vars.mysql_repo_url": "812508967154.dkr.ecr.us-east-1.amazonaws.com/mysql",
                            "vars.osticket_repo_url": "812508967154.dkr.ecr.us-east-1.amazonaws.com/campbellsoftwaresolutions/osticket",
                            "vars.region": "us-east-1",
                            "vars.security_group_ids": "sg-fd3c6f8b,sg-d8386bae,sg-c22370b4",
                            "vars.subnet_id": "subnet-459c5d0f"
                        },
                        "meta": {},
                        "tainted": false
                    },
                    "deposed": [],
                    "provider": "provider.template"
                },
                "data.template_file.codebuild_policy": {
                    "type": "template_file",
                    "depends_on": [
                        "aws_s3_bucket.source"
                    ],
                    "primary": {
                        "id": "fa3dfb4ddd756cf5c7600cc4981bcfa6a8b5954d115b21b0488f6ddd733ff1d0",
                        "attributes": {
                            "id": "fa3dfb4ddd756cf5c7600cc4981bcfa6a8b5954d115b21b0488f6ddd733ff1d0",
                            "rendered": "{\n  \"Version\": \"2012-10-17\",\n  \"Statement\": [\n    {\n      \"Effect\": \"Allow\",\n      \"Resource\": [\n        \"*\"\n      ],\n      \"Action\": [\n        \"logs:CreateLogGroup\",\n        \"logs:CreateLogStream\",\n        \"logs:PutLogEvents\",\n        \"ecr:GetAuthorizationToken\",\n        \"ecr:InitiateLayerUpload\",\n        \"ecr:UploadLayerPart\",\n        \"ecr:CompleteLayerUpload\",\n        \"ecr:BatchCheckLayerAvailability\",\n        \"ecr:PutImage\",\n        \"ecs:RunTask\",\n        \"iam:PassRole\"\n      ]\n    },\n    {\n      \"Effect\":\"Allow\",\n      \"Action\": [\n        \"s3:GetObject\",\n        \"s3:GetObjectVersion\",\n        \"s3:GetBucketVersioning\",\n        \"s3:List*\",\n        \"s3:PutObject\"\n      ],\n      \"Resource\": [\n        \"arn:aws:s3:::service-desk-source\",\n        \"arn:aws:s3:::service-desk-source/*\"\n      ]\n    }\n  ]\n}\n",
                            "template": "{\n  \"Version\": \"2012-10-17\",\n  \"Statement\": [\n    {\n      \"Effect\": \"Allow\",\n      \"Resource\": [\n        \"*\"\n      ],\n      \"Action\": [\n        \"logs:CreateLogGroup\",\n        \"logs:CreateLogStream\",\n        \"logs:PutLogEvents\",\n        \"ecr:GetAuthorizationToken\",\n        \"ecr:InitiateLayerUpload\",\n        \"ecr:UploadLayerPart\",\n        \"ecr:CompleteLayerUpload\",\n        \"ecr:BatchCheckLayerAvailability\",\n        \"ecr:PutImage\",\n        \"ecs:RunTask\",\n        \"iam:PassRole\"\n      ]\n    },\n    {\n      \"Effect\":\"Allow\",\n      \"Action\": [\n        \"s3:GetObject\",\n        \"s3:GetObjectVersion\",\n        \"s3:GetBucketVersioning\",\n        \"s3:List*\",\n        \"s3:PutObject\"\n      ],\n      \"Resource\": [\n        \"${aws_s3_bucket_arn}\",\n        \"${aws_s3_bucket_arn}/*\"\n      ]\n    }\n  ]\n}\n",
                            "vars.%": "1",
                            "vars.aws_s3_bucket_arn": "arn:aws:s3:::service-desk-source"
                        },
                        "meta": {},
                        "tainted": false
                    },
                    "deposed": [],
                    "provider": "provider.template"
                },
                "data.template_file.codepipeline_policy": {
                    "type": "template_file",
                    "depends_on": [
                        "aws_s3_bucket.source"
                    ],
                    "primary": {
                        "id": "657cbf1a42beaea3454408708ddb2a147d48ac75c686aaa482534dfb7d0f981e",
                        "attributes": {
                            "id": "657cbf1a42beaea3454408708ddb2a147d48ac75c686aaa482534dfb7d0f981e",
                            "rendered": "{\n  \"Version\": \"2012-10-17\",\n  \"Statement\": [\n    {\n      \"Effect\":\"Allow\",\n      \"Action\": [\n        \"s3:GetObject\",\n        \"s3:GetObjectVersion\",\n        \"s3:GetBucketVersioning\",\n        \"s3:List*\",\n        \"s3:PutObject\"\n      ],\n      \"Resource\": [\n        \"arn:aws:s3:::service-desk-source\",\n        \"arn:aws:s3:::service-desk-source/*\"\n      ]\n    },\n    {\n      \"Effect\": \"Allow\",\n      \"Action\": [\n        \"codebuild:BatchGetBuilds\",\n        \"codebuild:StartBuild\"\n      ],\n      \"Resource\": \"*\"\n    },\n    {\n      \"Action\": [\n        \"ecs:*\",\n        \"events:DescribeRule\",\n        \"events:DeleteRule\",\n        \"events:ListRuleNamesByTarget\",\n        \"events:ListTargetsByRule\",\n        \"events:PutRule\",\n        \"events:PutTargets\",\n        \"events:RemoveTargets\",\n        \"iam:ListAttachedRolePolicies\",\n        \"iam:ListInstanceProfiles\",\n        \"iam:ListRoles\",\n        \"logs:CreateLogGroup\",\n        \"logs:DescribeLogGroups\",\n        \"logs:FilterLogEvents\"\n      ],\n      \"Resource\": \"*\",\n      \"Effect\": \"Allow\"\n    },\n    {\n      \"Action\": \"iam:PassRole\",\n      \"Effect\": \"Allow\",\n      \"Resource\": [\n        \"*\"\n      ],\n      \"Condition\": {\n        \"StringLike\": {\n          \"iam:PassedToService\": \"ecs-tasks.amazonaws.com\"\n        }\n      }\n    },\n    {\n      \"Action\": \"iam:PassRole\",\n      \"Effect\": \"Allow\",\n      \"Resource\": [\n        \"arn:aws:iam::*:role/ecsInstanceRole*\"\n      ],\n      \"Condition\": {\n        \"StringLike\": {\n          \"iam:PassedToService\": [\n            \"ec2.amazonaws.com\",\n            \"ec2.amazonaws.com.cn\"\n          ]\n        }\n      }\n    },\n    {\n      \"Action\": \"iam:PassRole\",\n      \"Effect\": \"Allow\",\n      \"Resource\": [\n        \"arn:aws:iam::*:role/ecsAutoscaleRole*\"\n      ],\n      \"Condition\": {\n        \"StringLike\": {\n          \"iam:PassedToService\": [\n            \"application-autoscaling.amazonaws.com\",\n            \"application-autoscaling.amazonaws.com.cn\"\n          ]\n        }\n      }\n    },\n    {\n      \"Effect\": \"Allow\",\n      \"Action\": \"iam:CreateServiceLinkedRole\",\n      \"Resource\": \"*\",\n      \"Condition\": {\n        \"StringLike\": {\n          \"iam:AWSServiceName\": [\n            \"ecs.amazonaws.com\",\n            \"spot.amazonaws.com\",\n            \"spotfleet.amazonaws.com\"\n          ]\n        }\n      }\n    }\n  ]\n}\n",
                            "template": "{\n  \"Version\": \"2012-10-17\",\n  \"Statement\": [\n    {\n      \"Effect\":\"Allow\",\n      \"Action\": [\n        \"s3:GetObject\",\n        \"s3:GetObjectVersion\",\n        \"s3:GetBucketVersioning\",\n        \"s3:List*\",\n        \"s3:PutObject\"\n      ],\n      \"Resource\": [\n        \"${aws_s3_bucket_arn}\",\n        \"${aws_s3_bucket_arn}/*\"\n      ]\n    },\n    {\n      \"Effect\": \"Allow\",\n      \"Action\": [\n        \"codebuild:BatchGetBuilds\",\n        \"codebuild:StartBuild\"\n      ],\n      \"Resource\": \"*\"\n    },\n    {\n      \"Action\": [\n        \"ecs:*\",\n        \"events:DescribeRule\",\n        \"events:DeleteRule\",\n        \"events:ListRuleNamesByTarget\",\n        \"events:ListTargetsByRule\",\n        \"events:PutRule\",\n        \"events:PutTargets\",\n        \"events:RemoveTargets\",\n        \"iam:ListAttachedRolePolicies\",\n        \"iam:ListInstanceProfiles\",\n        \"iam:ListRoles\",\n        \"logs:CreateLogGroup\",\n        \"logs:DescribeLogGroups\",\n        \"logs:FilterLogEvents\"\n      ],\n      \"Resource\": \"*\",\n      \"Effect\": \"Allow\"\n    },\n    {\n      \"Action\": \"iam:PassRole\",\n      \"Effect\": \"Allow\",\n      \"Resource\": [\n        \"*\"\n      ],\n      \"Condition\": {\n        \"StringLike\": {\n          \"iam:PassedToService\": \"ecs-tasks.amazonaws.com\"\n        }\n      }\n    },\n    {\n      \"Action\": \"iam:PassRole\",\n      \"Effect\": \"Allow\",\n      \"Resource\": [\n        \"arn:aws:iam::*:role/ecsInstanceRole*\"\n      ],\n      \"Condition\": {\n        \"StringLike\": {\n          \"iam:PassedToService\": [\n            \"ec2.amazonaws.com\",\n            \"ec2.amazonaws.com.cn\"\n          ]\n        }\n      }\n    },\n    {\n      \"Action\": \"iam:PassRole\",\n      \"Effect\": \"Allow\",\n      \"Resource\": [\n        \"arn:aws:iam::*:role/ecsAutoscaleRole*\"\n      ],\n      \"Condition\": {\n        \"StringLike\": {\n          \"iam:PassedToService\": [\n            \"application-autoscaling.amazonaws.com\",\n            \"application-autoscaling.amazonaws.com.cn\"\n          ]\n        }\n      }\n    },\n    {\n      \"Effect\": \"Allow\",\n      \"Action\": \"iam:CreateServiceLinkedRole\",\n      \"Resource\": \"*\",\n      \"Condition\": {\n        \"StringLike\": {\n          \"iam:AWSServiceName\": [\n            \"ecs.amazonaws.com\",\n            \"spot.amazonaws.com\",\n            \"spotfleet.amazonaws.com\"\n          ]\n        }\n      }\n    }\n  ]\n}\n",
                            "vars.%": "1",
                            "vars.aws_s3_bucket_arn": "arn:aws:s3:::service-desk-source"
                        },
                        "meta": {},
                        "tainted": false
                    },
                    "deposed": [],
                    "provider": "provider.template"
                }
            },
            "depends_on": []
        },
        {
            "path": [
                "root",
                "ecs"
            ],
            "outputs": {
                "alb_dns_name": {
                    "sensitive": false,
                    "type": "string",
                    "value": "dev-alb-service-desk-75614249.us-east-1.elb.amazonaws.com"
                },
                "alb_zone_id": {
                    "sensitive": false,
                    "type": "string",
                    "value": "Z35SXDOTRQ7X7K"
                },
                "cluster_name": {
                    "sensitive": false,
                    "type": "string",
                    "value": "dev-ecs-cluster"
                },
                "mysql_repository_url": {
                    "sensitive": false,
                    "type": "string",
                    "value": "812508967154.dkr.ecr.us-east-1.amazonaws.com/mysql"
                },
                "mysql_service_name": {
                    "sensitive": false,
                    "type": "string",
                    "value": "dev-mysql"
                },
                "osticket_repository_url": {
                    "sensitive": false,
                    "type": "string",
                    "value": "812508967154.dkr.ecr.us-east-1.amazonaws.com/campbellsoftwaresolutions/osticket"
                },
                "osticket_service_name": {
                    "sensitive": false,
                    "type": "string",
                    "value": "dev-osticket"
                },
                "security_group_id": {
                    "sensitive": false,
                    "type": "string",
                    "value": "sg-c22370b4"
                }
            },
            "resources": {
                "aws_alb.alb_service_desk": {
                    "type": "aws_alb",
                    "depends_on": [
                        "aws_security_group.osticket_inbound_sg"
                    ],
                    "primary": {
                        "id": "arn:aws:elasticloadbalancing:us-east-1:812508967154:loadbalancer/app/dev-alb-service-desk/5943ec68e19c11bf",
                        "attributes": {
                            "access_logs.#": "0",
                            "arn": "arn:aws:elasticloadbalancing:us-east-1:812508967154:loadbalancer/app/dev-alb-service-desk/5943ec68e19c11bf",
                            "arn_suffix": "app/dev-alb-service-desk/5943ec68e19c11bf",
                            "dns_name": "dev-alb-service-desk-75614249.us-east-1.elb.amazonaws.com",
                            "enable_cross_zone_load_balancing": "false",
                            "enable_deletion_protection": "false",
                            "enable_http2": "true",
                            "id": "arn:aws:elasticloadbalancing:us-east-1:812508967154:loadbalancer/app/dev-alb-service-desk/5943ec68e19c11bf",
                            "idle_timeout": "60",
                            "internal": "false",
                            "ip_address_type": "ipv4",
                            "load_balancer_type": "application",
                            "name": "dev-alb-service-desk",
                            "security_groups.#": "3",
                            "security_groups.1333611473": "sg-d8386bae",
                            "security_groups.1425730263": "sg-fd3c6f8b",
                            "security_groups.443136344": "sg-5830632e",
                            "subnets.#": "2",
                            "subnets.1838778146": "subnet-08b07142",
                            "subnets.627307721": "subnet-1004394d",
                            "tags.%": "2",
                            "tags.Environment": "dev",
                            "tags.Name": "dev-alb-service-desk",
                            "vpc_id": "vpc-bdb03bc6",
                            "zone_id": "Z35SXDOTRQ7X7K"
                        },
                        "meta": {
                            "e2bfb730-ecaa-11e6-8f88-34363bc7c4c0": {
                                "create": 600000000000,
                                "delete": 600000000000,
                                "update": 600000000000
                            }
                        },
                        "tainted": false
                    },
                    "deposed": [],
                    "provider": "provider.aws"
                },
                "aws_alb_listener.service_desk": {
                    "type": "aws_alb_listener",
                    "depends_on": [
                        "aws_alb.alb_service_desk",
                        "aws_alb_target_group.alb_target_group"
                    ],
                    "primary": {
                        "id": "arn:aws:elasticloadbalancing:us-east-1:812508967154:listener/app/dev-alb-service-desk/5943ec68e19c11bf/53b3f2281cebc78d",
                        "attributes": {
                            "arn": "arn:aws:elasticloadbalancing:us-east-1:812508967154:listener/app/dev-alb-service-desk/5943ec68e19c11bf/53b3f2281cebc78d",
                            "default_action.#": "1",
                            "default_action.0.target_group_arn": "arn:aws:elasticloadbalancing:us-east-1:812508967154:targetgroup/dev-alb-target-group-651b/6a87c771ef830783",
                            "default_action.0.type": "forward",
                            "id": "arn:aws:elasticloadbalancing:us-east-1:812508967154:listener/app/dev-alb-service-desk/5943ec68e19c11bf/53b3f2281cebc78d",
                            "load_balancer_arn": "arn:aws:elasticloadbalancing:us-east-1:812508967154:loadbalancer/app/dev-alb-service-desk/5943ec68e19c11bf",
                            "port": "80",
                            "protocol": "HTTP",
                            "ssl_policy": ""
                        },
                        "meta": {},
                        "tainted": false
                    },
                    "deposed": [],
                    "provider": "provider.aws"
                },
                "aws_alb_target_group.alb_target_group": {
                    "type": "aws_alb_target_group",
                    "depends_on": [
                        "random_id.target_group_sufix"
                    ],
                    "primary": {
                        "id": "arn:aws:elasticloadbalancing:us-east-1:812508967154:targetgroup/dev-alb-target-group-651b/6a87c771ef830783",
                        "attributes": {
                            "arn": "arn:aws:elasticloadbalancing:us-east-1:812508967154:targetgroup/dev-alb-target-group-651b/6a87c771ef830783",
                            "arn_suffix": "targetgroup/dev-alb-target-group-651b/6a87c771ef830783",
                            "deregistration_delay": "300",
                            "health_check.#": "1",
                            "health_check.0.healthy_threshold": "5",
                            "health_check.0.interval": "30",
                            "health_check.0.matcher": "200",
                            "health_check.0.path": "/",
                            "health_check.0.port": "traffic-port",
                            "health_check.0.protocol": "HTTP",
                            "health_check.0.timeout": "5",
                            "health_check.0.unhealthy_threshold": "2",
                            "id": "arn:aws:elasticloadbalancing:us-east-1:812508967154:targetgroup/dev-alb-target-group-651b/6a87c771ef830783",
                            "name": "dev-alb-target-group-651b",
                            "port": "80",
                            "protocol": "HTTP",
                            "stickiness.#": "1",
                            "stickiness.0.cookie_duration": "86400",
                            "stickiness.0.enabled": "false",
                            "stickiness.0.type": "lb_cookie",
                            "tags.%": "0",
                            "target_type": "ip",
                            "vpc_id": "vpc-bdb03bc6"
                        },
                        "meta": {},
                        "tainted": false
                    },
                    "deposed": [],
                    "provider": "provider.aws"
                },
                "aws_cloudwatch_log_group.service_desk": {
                    "type": "aws_cloudwatch_log_group",
                    "depends_on": [],
                    "primary": {
                        "id": "service_desk",
                        "attributes": {
                            "arn": "arn:aws:logs:us-east-1:812508967154:log-group:service_desk:*",
                            "id": "service_desk",
                            "kms_key_id": "",
                            "name": "service_desk",
                            "retention_in_days": "0",
                            "tags.%": "2",
                            "tags.Application": "osticket",
                            "tags.Environment": "dev"
                        },
                        "meta": {},
                        "tainted": false
                    },
                    "deposed": [],
                    "provider": "provider.aws"
                },
                "aws_ecr_repository.mysql_app": {
                    "type": "aws_ecr_repository",
                    "depends_on": [],
                    "primary": {
                        "id": "mysql",
                        "attributes": {
                            "arn": "arn:aws:ecr:us-east-1:812508967154:repository/mysql",
                            "id": "mysql",
                            "name": "mysql",
                            "registry_id": "812508967154",
                            "repository_url": "812508967154.dkr.ecr.us-east-1.amazonaws.com/mysql"
                        },
                        "meta": {},
                        "tainted": false
                    },
                    "deposed": [],
                    "provider": "provider.aws"
                },
                "aws_ecr_repository.osticket_app": {
                    "type": "aws_ecr_repository",
                    "depends_on": [],
                    "primary": {
                        "id": "campbellsoftwaresolutions/osticket",
                        "attributes": {
                            "arn": "arn:aws:ecr:us-east-1:812508967154:repository/campbellsoftwaresolutions/osticket",
                            "id": "campbellsoftwaresolutions/osticket",
                            "name": "campbellsoftwaresolutions/osticket",
                            "registry_id": "812508967154",
                            "repository_url": "812508967154.dkr.ecr.us-east-1.amazonaws.com/campbellsoftwaresolutions/osticket"
                        },
                        "meta": {},
                        "tainted": false
                    },
                    "deposed": [],
                    "provider": "provider.aws"
                },
                "aws_ecs_cluster.cluster": {
                    "type": "aws_ecs_cluster",
                    "depends_on": [],
                    "primary": {
                        "id": "arn:aws:ecs:us-east-1:812508967154:cluster/dev-ecs-cluster",
                        "attributes": {
                            "arn": "arn:aws:ecs:us-east-1:812508967154:cluster/dev-ecs-cluster",
                            "id": "arn:aws:ecs:us-east-1:812508967154:cluster/dev-ecs-cluster",
                            "name": "dev-ecs-cluster"
                        },
                        "meta": {},
                        "tainted": false
                    },
                    "deposed": [],
                    "provider": "provider.aws"
                },
                "aws_ecs_service.mysql": {
                    "type": "aws_ecs_service",
                    "depends_on": [
                        "aws_ecs_cluster.cluster",
                        "aws_ecs_task_definition.mysql",
                        "aws_iam_role_policy.ecs_service_role_policy",
                        "aws_security_group.ecs_service",
                        "data.aws_ecs_task_definition.mysql"
                    ],
                    "primary": {
                        "id": "arn:aws:ecs:us-east-1:812508967154:service/dev-mysql",
                        "attributes": {
                            "cluster": "arn:aws:ecs:us-east-1:812508967154:cluster/dev-ecs-cluster",
                            "deployment_maximum_percent": "200",
                            "deployment_minimum_healthy_percent": "100",
                            "desired_count": "1",
                            "health_check_grace_period_seconds": "0",
                            "iam_role": "aws-service-role",
                            "id": "arn:aws:ecs:us-east-1:812508967154:service/dev-mysql",
                            "launch_type": "FARGATE",
                            "load_balancer.#": "0",
                            "name": "dev-mysql",
                            "network_configuration.#": "1",
                            "network_configuration.0.assign_public_ip": "false",
                            "network_configuration.0.security_groups.#": "3",
                            "network_configuration.0.security_groups.1333611473": "sg-d8386bae",
                            "network_configuration.0.security_groups.1425730263": "sg-fd3c6f8b",
                            "network_configuration.0.security_groups.3179368488": "sg-c22370b4",
                            "network_configuration.0.subnets.#": "2",
                            "network_configuration.0.subnets.1508561166": "subnet-459c5d0f",
                            "network_configuration.0.subnets.2231086317": "subnet-aaf6cbf7",
                            "placement_constraints.#": "0",
                            "placement_strategy.#": "0",
                            "task_definition": "dev_mysql:9"
                        },
                        "meta": {},
                        "tainted": false
                    },
                    "deposed": [],
                    "provider": "provider.aws"
                },
                "aws_ecs_service.osticket": {
                    "type": "aws_ecs_service",
                    "depends_on": [
                        "aws_alb_target_group.alb_target_group",
                        "aws_ecs_cluster.cluster",
                        "aws_ecs_task_definition.osticket",
                        "aws_iam_role_policy.ecs_service_role_policy",
                        "aws_security_group.ecs_service",
                        "data.aws_ecs_task_definition.osticket"
                    ],
                    "primary": {
                        "id": "arn:aws:ecs:us-east-1:812508967154:service/dev-osticket",
                        "attributes": {
                            "cluster": "arn:aws:ecs:us-east-1:812508967154:cluster/dev-ecs-cluster",
                            "deployment_maximum_percent": "200",
                            "deployment_minimum_healthy_percent": "100",
                            "desired_count": "1",
                            "health_check_grace_period_seconds": "0",
                            "iam_role": "aws-service-role",
                            "id": "arn:aws:ecs:us-east-1:812508967154:service/dev-osticket",
                            "launch_type": "FARGATE",
                            "load_balancer.#": "1",
                            "load_balancer.3960490196.container_name": "osticket",
                            "load_balancer.3960490196.container_port": "80",
                            "load_balancer.3960490196.elb_name": "",
                            "load_balancer.3960490196.target_group_arn": "arn:aws:elasticloadbalancing:us-east-1:812508967154:targetgroup/dev-alb-target-group-651b/6a87c771ef830783",
                            "name": "dev-osticket",
                            "network_configuration.#": "1",
                            "network_configuration.0.assign_public_ip": "false",
                            "network_configuration.0.security_groups.#": "3",
                            "network_configuration.0.security_groups.1333611473": "sg-d8386bae",
                            "network_configuration.0.security_groups.1425730263": "sg-fd3c6f8b",
                            "network_configuration.0.security_groups.3179368488": "sg-c22370b4",
                            "network_configuration.0.subnets.#": "2",
                            "network_configuration.0.subnets.1508561166": "subnet-459c5d0f",
                            "network_configuration.0.subnets.2231086317": "subnet-aaf6cbf7",
                            "placement_constraints.#": "0",
                            "placement_strategy.#": "0",
                            "task_definition": "dev_osticket:7"
                        },
                        "meta": {},
                        "tainted": false
                    },
                    "deposed": [],
                    "provider": "provider.aws"
                },
                "aws_ecs_task_definition.mysql": {
                    "type": "aws_ecs_task_definition",
                    "depends_on": [
                        "aws_ecs_task_definition.mysql"
                    ],
                    "primary": {
                        "id": "dev_mysql",
                        "attributes": {
                            "arn": "arn:aws:ecs:us-east-1:812508967154:task-definition/dev_mysql:8",
                            "container_definitions": "[{\"cpu\":0,\"environment\":[{\"name\":\"MYSQL_DATABASE\",\"value\":\"osticket\"},{\"name\":\"MYSQL_PASSWORD\",\"value\":\"secret\"},{\"name\":\"MYSQL_ROOT_PASSWORD\",\"value\":\"secret\"},{\"name\":\"MYSQL_USER\",\"value\":\"osticket\"}],\"essential\":true,\"image\":\"812508967154.dkr.ecr.us-east-1.amazonaws.com/mysql\",\"logConfiguration\":{\"logDriver\":\"awslogs\",\"options\":{\"awslogs-group\":\"service_desk\",\"awslogs-region\":\"us-east-1\",\"awslogs-stream-prefix\":\"mysql\"}},\"memory\":300,\"mountPoints\":[],\"name\":\"mysql\",\"portMappings\":[],\"volumesFrom\":[]}]",
                            "cpu": "256",
                            "execution_role_arn": "arn:aws:iam::812508967154:role/ecs_task_execution_role",
                            "family": "dev_mysql",
                            "id": "dev_mysql",
                            "memory": "512",
                            "network_mode": "awsvpc",
                            "placement_constraints.#": "0",
                            "requires_compatibilities.#": "1",
                            "requires_compatibilities.3072437307": "FARGATE",
                            "revision": "8",
                            "task_role_arn": "arn:aws:iam::812508967154:role/ecs_task_execution_role"
                        },
                        "meta": {
                            "schema_version": "1"
                        },
                        "tainted": false
                    },
                    "deposed": [],
                    "provider": "provider.aws"
                },
                "aws_ecs_task_definition.osticket": {
                    "type": "aws_ecs_task_definition",
                    "depends_on": [
                        "aws_ecs_task_definition.mysql",
                        "aws_ecs_task_definition.osticket"
                    ],
                    "primary": {
                        "id": "dev_osticket",
                        "attributes": {
                            "arn": "arn:aws:ecs:us-east-1:812508967154:task-definition/dev_osticket:6",
                            "container_definitions": "[{\"cpu\":0,\"environment\":[{\"name\":\"MYSQL_DATABASE\",\"value\":\"osticket\"},{\"name\":\"MYSQL_PASSWORD\",\"value\":\"secret\"},{\"name\":\"MYSQL_HOST\",\"value\":\"mysql\"},{\"name\":\"MYSQL_ROOT_PASSWORD\",\"value\":\"secret\"},{\"name\":\"MYSQL_USER\",\"value\":\"osticket\"}],\"essential\":true,\"image\":\"812508967154.dkr.ecr.us-east-1.amazonaws.com/campbellsoftwaresolutions/osticket\",\"logConfiguration\":{\"logDriver\":\"awslogs\",\"options\":{\"awslogs-group\":\"service_desk\",\"awslogs-region\":\"us-east-1\",\"awslogs-stream-prefix\":\"osticket\"}},\"memory\":300,\"mountPoints\":[],\"name\":\"osticket\",\"portMappings\":[{\"containerPort\":80,\"hostPort\":80,\"protocol\":\"tcp\"}],\"volumesFrom\":[]}]",
                            "cpu": "256",
                            "execution_role_arn": "arn:aws:iam::812508967154:role/ecs_task_execution_role",
                            "family": "dev_osticket",
                            "id": "dev_osticket",
                            "memory": "512",
                            "network_mode": "awsvpc",
                            "placement_constraints.#": "0",
                            "requires_compatibilities.#": "1",
                            "requires_compatibilities.3072437307": "FARGATE",
                            "revision": "6",
                            "task_role_arn": "arn:aws:iam::812508967154:role/ecs_task_execution_role"
                        },
                        "meta": {
                            "schema_version": "1"
                        },
                        "tainted": false
                    },
                    "deposed": [],
                    "provider": "provider.aws"
                },
                "aws_iam_role.ecs_execution_role": {
                    "type": "aws_iam_role",
                    "depends_on": [],
                    "primary": {
                        "id": "ecs_task_execution_role",
                        "attributes": {
                            "arn": "arn:aws:iam::812508967154:role/ecs_task_execution_role",
                            "assume_role_policy": "{\"Version\":\"2012-10-17\",\"Statement\":[{\"Sid\":\"\",\"Effect\":\"Allow\",\"Principal\":{\"Service\":\"ecs-tasks.amazonaws.com\"},\"Action\":\"sts:AssumeRole\"}]}",
                            "create_date": "2018-03-23T06:49:48Z",
                            "force_detach_policies": "false",
                            "id": "ecs_task_execution_role",
                            "name": "ecs_task_execution_role",
                            "path": "/",
                            "unique_id": "AROAI2WQMDIXCNA2OF6HY"
                        },
                        "meta": {},
                        "tainted": false
                    },
                    "deposed": [],
                    "provider": "provider.aws"
                },
                "aws_iam_role.ecs_role": {
                    "type": "aws_iam_role",
                    "depends_on": [
                        "data.aws_iam_policy_document.ecs_service_role"
                    ],
                    "primary": {
                        "id": "ecs_role",
                        "attributes": {
                            "arn": "arn:aws:iam::812508967154:role/ecs_role",
                            "assume_role_policy": "{\"Version\":\"2012-10-17\",\"Statement\":[{\"Sid\":\"\",\"Effect\":\"Allow\",\"Principal\":{\"Service\":\"ecs.amazonaws.com\"},\"Action\":\"sts:AssumeRole\"}]}",
                            "create_date": "2018-03-23T06:49:48Z",
                            "force_detach_policies": "false",
                            "id": "ecs_role",
                            "name": "ecs_role",
                            "path": "/",
                            "unique_id": "AROAJCMFU2BPLESG2ANFE"
                        },
                        "meta": {},
                        "tainted": false
                    },
                    "deposed": [],
                    "provider": "provider.aws"
                },
                "aws_iam_role_policy.ecs_execution_role_policy": {
                    "type": "aws_iam_role_policy",
                    "depends_on": [
                        "aws_iam_role.ecs_execution_role"
                    ],
                    "primary": {
                        "id": "ecs_task_execution_role:ecs_execution_role_policy",
                        "attributes": {
                            "id": "ecs_task_execution_role:ecs_execution_role_policy",
                            "name": "ecs_execution_role_policy",
                            "policy": "{\n  \"Version\": \"2012-10-17\",\n  \"Statement\": [\n    {\n      \"Effect\": \"Allow\",\n      \"Action\": [\n        \"ecr:GetAuthorizationToken\",\n        \"ecr:BatchCheckLayerAvailability\",\n        \"ecr:GetDownloadUrlForLayer\",\n        \"ecr:BatchGetImage\",\n        \"logs:CreateLogStream\",\n        \"logs:PutLogEvents\"\n      ],\n      \"Resource\": \"*\"\n    }\n  ]\n}\n",
                            "role": "ecs_task_execution_role"
                        },
                        "meta": {},
                        "tainted": false
                    },
                    "deposed": [],
                    "provider": "provider.aws"
                },
                "aws_iam_role_policy.ecs_service_role_policy": {
                    "type": "aws_iam_role_policy",
                    "depends_on": [
                        "aws_iam_role.ecs_role",
                        "data.aws_iam_policy_document.ecs_service_policy"
                    ],
                    "primary": {
                        "id": "ecs_role:ecs_service_role_policy",
                        "attributes": {
                            "id": "ecs_role:ecs_service_role_policy",
                            "name": "ecs_service_role_policy",
                            "policy": "{\n  \"Version\": \"2012-10-17\",\n  \"Statement\": [\n    {\n      \"Sid\": \"\",\n      \"Effect\": \"Allow\",\n      \"Action\": [\n        \"elasticloadbalancing:RegisterInstancesWithLoadBalancer\",\n        \"elasticloadbalancing:Describe*\",\n        \"elasticloadbalancing:DeregisterInstancesFromLoadBalancer\",\n        \"ec2:Describe*\",\n        \"ec2:AuthorizeSecurityGroupIngress\"\n      ],\n      \"Resource\": \"*\"\n    }\n  ]\n}",
                            "role": "ecs_role"
                        },
                        "meta": {},
                        "tainted": false
                    },
                    "deposed": [],
                    "provider": "provider.aws"
                },
                "aws_security_group.ecs_service": {
                    "type": "aws_security_group",
                    "depends_on": [],
                    "primary": {
                        "id": "sg-c22370b4",
                        "attributes": {
                            "description": "Allow egress from container",
                            "egress.#": "1",
                            "egress.482069346.cidr_blocks.#": "1",
                            "egress.482069346.cidr_blocks.0": "0.0.0.0/0",
                            "egress.482069346.description": "",
                            "egress.482069346.from_port": "0",
                            "egress.482069346.ipv6_cidr_blocks.#": "0",
                            "egress.482069346.prefix_list_ids.#": "0",
                            "egress.482069346.protocol": "-1",
                            "egress.482069346.security_groups.#": "0",
                            "egress.482069346.self": "false",
                            "egress.482069346.to_port": "0",
                            "id": "sg-c22370b4",
                            "ingress.#": "1",
                            "ingress.3068409405.cidr_blocks.#": "1",
                            "ingress.3068409405.cidr_blocks.0": "0.0.0.0/0",
                            "ingress.3068409405.description": "",
                            "ingress.3068409405.from_port": "8",
                            "ingress.3068409405.ipv6_cidr_blocks.#": "0",
                            "ingress.3068409405.protocol": "icmp",
                            "ingress.3068409405.security_groups.#": "0",
                            "ingress.3068409405.self": "false",
                            "ingress.3068409405.to_port": "0",
                            "name": "dev-ecs-service-sg",
                            "owner_id": "812508967154",
                            "revoke_rules_on_delete": "false",
                            "tags.%": "2",
                            "tags.Environment": "dev",
                            "tags.Name": "dev-ecs-service-sg",
                            "vpc_id": "vpc-bdb03bc6"
                        },
                        "meta": {
                            "e2bfb730-ecaa-11e6-8f88-34363bc7c4c0": {
                                "create": 600000000000,
                                "delete": 600000000000
                            },
                            "schema_version": "1"
                        },
                        "tainted": false
                    },
                    "deposed": [],
                    "provider": "provider.aws"
                },
                "aws_security_group.osticket_inbound_sg": {
                    "type": "aws_security_group",
                    "depends_on": [],
                    "primary": {
                        "id": "sg-5830632e",
                        "attributes": {
                            "description": "Allow HTTP from Anywhere into ALB",
                            "egress.#": "1",
                            "egress.482069346.cidr_blocks.#": "1",
                            "egress.482069346.cidr_blocks.0": "0.0.0.0/0",
                            "egress.482069346.description": "",
                            "egress.482069346.from_port": "0",
                            "egress.482069346.ipv6_cidr_blocks.#": "0",
                            "egress.482069346.prefix_list_ids.#": "0",
                            "egress.482069346.protocol": "-1",
                            "egress.482069346.security_groups.#": "0",
                            "egress.482069346.self": "false",
                            "egress.482069346.to_port": "0",
                            "id": "sg-5830632e",
                            "ingress.#": "2",
                            "ingress.2214680975.cidr_blocks.#": "1",
                            "ingress.2214680975.cidr_blocks.0": "0.0.0.0/0",
                            "ingress.2214680975.description": "",
                            "ingress.2214680975.from_port": "80",
                            "ingress.2214680975.ipv6_cidr_blocks.#": "0",
                            "ingress.2214680975.protocol": "tcp",
                            "ingress.2214680975.security_groups.#": "0",
                            "ingress.2214680975.self": "false",
                            "ingress.2214680975.to_port": "80",
                            "ingress.3068409405.cidr_blocks.#": "1",
                            "ingress.3068409405.cidr_blocks.0": "0.0.0.0/0",
                            "ingress.3068409405.description": "",
                            "ingress.3068409405.from_port": "8",
                            "ingress.3068409405.ipv6_cidr_blocks.#": "0",
                            "ingress.3068409405.protocol": "icmp",
                            "ingress.3068409405.security_groups.#": "0",
                            "ingress.3068409405.self": "false",
                            "ingress.3068409405.to_port": "0",
                            "name": "dev-osticket-inbound-sg",
                            "owner_id": "812508967154",
                            "revoke_rules_on_delete": "false",
                            "tags.%": "1",
                            "tags.Name": "dev-osticket-inbound-sg",
                            "vpc_id": "vpc-bdb03bc6"
                        },
                        "meta": {
                            "e2bfb730-ecaa-11e6-8f88-34363bc7c4c0": {
                                "create": 600000000000,
                                "delete": 600000000000
                            },
                            "schema_version": "1"
                        },
                        "tainted": false
                    },
                    "deposed": [],
                    "provider": "provider.aws"
                },
                "data.aws_ecs_task_definition.mysql": {
                    "type": "aws_ecs_task_definition",
                    "depends_on": [
                        "aws_ecs_task_definition.mysql"
                    ],
                    "primary": {
                        "id": "arn:aws:ecs:us-east-1:812508967154:task-definition/dev_mysql:9",
                        "attributes": {
                            "family": "dev_mysql",
                            "id": "arn:aws:ecs:us-east-1:812508967154:task-definition/dev_mysql:9",
                            "network_mode": "awsvpc",
                            "revision": "9",
                            "status": "ACTIVE",
                            "task_definition": "dev_mysql",
                            "task_role_arn": "arn:aws:iam::812508967154:role/ecs_task_execution_role"
                        },
                        "meta": {},
                        "tainted": false
                    },
                    "deposed": [],
                    "provider": "provider.aws"
                },
                "data.aws_ecs_task_definition.osticket": {
                    "type": "aws_ecs_task_definition",
                    "depends_on": [
                        "aws_ecs_task_definition.mysql",
                        "aws_ecs_task_definition.osticket"
                    ],
                    "primary": {
                        "id": "arn:aws:ecs:us-east-1:812508967154:task-definition/dev_osticket:7",
                        "attributes": {
                            "family": "dev_osticket",
                            "id": "arn:aws:ecs:us-east-1:812508967154:task-definition/dev_osticket:7",
                            "network_mode": "awsvpc",
                            "revision": "7",
                            "status": "ACTIVE",
                            "task_definition": "dev_osticket",
                            "task_role_arn": "arn:aws:iam::812508967154:role/ecs_task_execution_role"
                        },
                        "meta": {},
                        "tainted": false
                    },
                    "deposed": [],
                    "provider": "provider.aws"
                },
                "data.aws_iam_policy_document.ecs_service_policy": {
                    "type": "aws_iam_policy_document",
                    "depends_on": [],
                    "primary": {
                        "id": "3615693260",
                        "attributes": {
                            "id": "3615693260",
                            "json": "{\n  \"Version\": \"2012-10-17\",\n  \"Statement\": [\n    {\n      \"Sid\": \"\",\n      \"Effect\": \"Allow\",\n      \"Action\": [\n        \"elasticloadbalancing:RegisterInstancesWithLoadBalancer\",\n        \"elasticloadbalancing:Describe*\",\n        \"elasticloadbalancing:DeregisterInstancesFromLoadBalancer\",\n        \"ec2:Describe*\",\n        \"ec2:AuthorizeSecurityGroupIngress\"\n      ],\n      \"Resource\": \"*\"\n    }\n  ]\n}",
                            "statement.#": "1",
                            "statement.0.actions.#": "5",
                            "statement.0.actions.2459212947": "ec2:Describe*",
                            "statement.0.actions.2464853358": "ec2:AuthorizeSecurityGroupIngress",
                            "statement.0.actions.2706807274": "elasticloadbalancing:DeregisterInstancesFromLoadBalancer",
                            "statement.0.actions.2747799858": "elasticloadbalancing:Describe*",
                            "statement.0.actions.982461153": "elasticloadbalancing:RegisterInstancesWithLoadBalancer",
                            "statement.0.condition.#": "0",
                            "statement.0.effect": "Allow",
                            "statement.0.not_actions.#": "0",
                            "statement.0.not_principals.#": "0",
                            "statement.0.not_resources.#": "0",
                            "statement.0.principals.#": "0",
                            "statement.0.resources.#": "1",
                            "statement.0.resources.2679715827": "*",
                            "statement.0.sid": ""
                        },
                        "meta": {},
                        "tainted": false
                    },
                    "deposed": [],
                    "provider": "provider.aws"
                },
                "data.aws_iam_policy_document.ecs_service_role": {
                    "type": "aws_iam_policy_document",
                    "depends_on": [],
                    "primary": {
                        "id": "3622649364",
                        "attributes": {
                            "id": "3622649364",
                            "json": "{\n  \"Version\": \"2012-10-17\",\n  \"Statement\": [\n    {\n      \"Sid\": \"\",\n      \"Effect\": \"Allow\",\n      \"Action\": \"sts:AssumeRole\",\n      \"Principal\": {\n        \"Service\": \"ecs.amazonaws.com\"\n      }\n    }\n  ]\n}",
                            "statement.#": "1",
                            "statement.0.actions.#": "1",
                            "statement.0.actions.2528466339": "sts:AssumeRole",
                            "statement.0.condition.#": "0",
                            "statement.0.effect": "Allow",
                            "statement.0.not_actions.#": "0",
                            "statement.0.not_principals.#": "0",
                            "statement.0.not_resources.#": "0",
                            "statement.0.principals.#": "1",
                            "statement.0.principals.1113412664.identifiers.#": "1",
                            "statement.0.principals.1113412664.identifiers.1509832800": "ecs.amazonaws.com",
                            "statement.0.principals.1113412664.type": "Service",
                            "statement.0.resources.#": "0",
                            "statement.0.sid": ""
                        },
                        "meta": {},
                        "tainted": false
                    },
                    "deposed": [],
                    "provider": "provider.aws"
                },
                "data.template_file.mysql_task": {
                    "type": "template_file",
                    "depends_on": [
                        "aws_cloudwatch_log_group.service_desk",
                        "aws_ecr_repository.mysql_app"
                    ],
                    "primary": {
                        "id": "8151a0ebd84d880b1c1028b145f678cdf5f3e241c13892c44f69c5f341c1cedf",
                        "attributes": {
                            "id": "8151a0ebd84d880b1c1028b145f678cdf5f3e241c13892c44f69c5f341c1cedf",
                            "rendered": "[\n  {\n    \"name\": \"mysql\",\n    \"image\": \"812508967154.dkr.ecr.us-east-1.amazonaws.com/mysql\",\n    \"memory\": 300,\n    \"logConfiguration\": {\n      \"logDriver\": \"awslogs\",\n      \"options\": {\n        \"awslogs-group\": \"service_desk\",\n        \"awslogs-region\": \"us-east-1\",\n        \"awslogs-stream-prefix\": \"mysql\"\n      }\n    },\n    \"environment\": [\n      {\n        \"name\": \"MYSQL_DATABASE\",\n        \"value\": \"osticket\"\n      },\n      {\n        \"name\": \"MYSQL_PASSWORD\",\n        \"value\": \"secret\"\n      },\n      {\n        \"name\": \"MYSQL_ROOT_PASSWORD\",\n        \"value\": \"secret\"\n      },\n      {\n        \"name\": \"MYSQL_USER\",\n        \"value\": \"osticket\"\n      }\n    ]\n  }\n]\n",
                            "template": "[\n  {\n    \"name\": \"mysql\",\n    \"image\": \"${image}\",\n    \"memory\": 300,\n    \"logConfiguration\": {\n      \"logDriver\": \"awslogs\",\n      \"options\": {\n        \"awslogs-group\": \"${log_group}\",\n        \"awslogs-region\": \"${region}\",\n        \"awslogs-stream-prefix\": \"mysql\"\n      }\n    },\n    \"environment\": [\n      {\n        \"name\": \"MYSQL_DATABASE\",\n        \"value\": \"${mysql_database}\"\n      },\n      {\n        \"name\": \"MYSQL_PASSWORD\",\n        \"value\": \"${mysql_password}\"\n      },\n      {\n        \"name\": \"MYSQL_ROOT_PASSWORD\",\n        \"value\": \"${mysql_root_password}\"\n      },\n      {\n        \"name\": \"MYSQL_USER\",\n        \"value\": \"${mysql_user}\"\n      }\n    ]\n  }\n]\n",
                            "vars.%": "7",
                            "vars.image": "812508967154.dkr.ecr.us-east-1.amazonaws.com/mysql",
                            "vars.log_group": "service_desk",
                            "vars.mysql_database": "osticket",
                            "vars.mysql_password": "secret",
                            "vars.mysql_root_password": "secret",
                            "vars.mysql_user": "osticket",
                            "vars.region": "us-east-1"
                        },
                        "meta": {},
                        "tainted": false
                    },
                    "deposed": [],
                    "provider": "provider.template"
                },
                "data.template_file.osticket_task": {
                    "type": "template_file",
                    "depends_on": [
                        "aws_cloudwatch_log_group.service_desk",
                        "aws_ecr_repository.osticket_app"
                    ],
                    "primary": {
                        "id": "f9d1acb12958c74e99fcbc49c968e17941f813c5d82c477201f55e690badf9e1",
                        "attributes": {
                            "id": "f9d1acb12958c74e99fcbc49c968e17941f813c5d82c477201f55e690badf9e1",
                            "rendered": "[\n  {\n    \"name\": \"osticket\",\n    \"image\": \"812508967154.dkr.ecr.us-east-1.amazonaws.com/campbellsoftwaresolutions/osticket\",\n    \"portMappings\": [\n      {\n        \"containerPort\": 80,\n        \"hostPort\": 80\n      }\n    ],\n    \"memory\": 300,\n    \"networkMode\": \"awsvpc\",\n    \"logConfiguration\": {\n      \"logDriver\": \"awslogs\",\n      \"options\": {\n        \"awslogs-group\": \"service_desk\",\n        \"awslogs-region\": \"us-east-1\",\n        \"awslogs-stream-prefix\": \"osticket\"\n      }\n    },\n    \"environment\": [\n      {\n        \"name\": \"MYSQL_DATABASE\",\n        \"value\": \"osticket\"\n      },\n      {\n        \"name\": \"MYSQL_HOST\",\n        \"value\": \"mysql\"\n      },\n      {\n        \"name\": \"MYSQL_PASSWORD\",\n        \"value\": \"secret\"\n      },\n      {\n        \"name\": \"MYSQL_ROOT_PASSWORD\",\n        \"value\": \"secret\"\n      },\n      {\n        \"name\": \"MYSQL_USER\",\n        \"value\": \"osticket\"\n      }\n    ]\n  }\n]\n\n",
                            "template": "[\n  {\n    \"name\": \"osticket\",\n    \"image\": \"${image}\",\n    \"portMappings\": [\n      {\n        \"containerPort\": 80,\n        \"hostPort\": 80\n      }\n    ],\n    \"memory\": 300,\n    \"networkMode\": \"awsvpc\",\n    \"logConfiguration\": {\n      \"logDriver\": \"awslogs\",\n      \"options\": {\n        \"awslogs-group\": \"${log_group}\",\n        \"awslogs-region\": \"${region}\",\n        \"awslogs-stream-prefix\": \"osticket\"\n      }\n    },\n    \"environment\": [\n      {\n        \"name\": \"MYSQL_DATABASE\",\n        \"value\": \"${mysql_database}\"\n      },\n      {\n        \"name\": \"MYSQL_HOST\",\n        \"value\": \"${mysql_host}\"\n      },\n      {\n        \"name\": \"MYSQL_PASSWORD\",\n        \"value\": \"${mysql_password}\"\n      },\n      {\n        \"name\": \"MYSQL_ROOT_PASSWORD\",\n        \"value\": \"${mysql_root_password}\"\n      },\n      {\n        \"name\": \"MYSQL_USER\",\n        \"value\": \"${mysql_user}\"\n      }\n    ]\n  }\n]\n\n",
                            "vars.%": "8",
                            "vars.image": "812508967154.dkr.ecr.us-east-1.amazonaws.com/campbellsoftwaresolutions/osticket",
                            "vars.log_group": "service_desk",
                            "vars.mysql_database": "osticket",
                            "vars.mysql_host": "mysql",
                            "vars.mysql_password": "secret",
                            "vars.mysql_root_password": "secret",
                            "vars.mysql_user": "osticket",
                            "vars.region": "us-east-1"
                        },
                        "meta": {},
                        "tainted": false
                    },
                    "deposed": [],
                    "provider": "provider.template"
                },
                "random_id.target_group_sufix": {
                    "type": "random_id",
                    "depends_on": [],
                    "primary": {
                        "id": "ZRs",
                        "attributes": {
                            "b64": "ZRs",
                            "b64_std": "ZRs=",
                            "b64_url": "ZRs",
                            "byte_length": "2",
                            "dec": "25883",
                            "hex": "651b",
                            "id": "ZRs"
                        },
                        "meta": {},
                        "tainted": false
                    },
                    "deposed": [],
                    "provider": "provider.random"
                }
            },
            "depends_on": []
        },
        {
            "path": [
                "root",
                "networking"
            ],
            "outputs": {
                "default_sg_id": {
                    "sensitive": false,
                    "type": "string",
                    "value": "sg-fd3c6f8b"
                },
                "private_subnets_id": {
                    "sensitive": false,
                    "type": "list",
                    "value": [
                        "subnet-459c5d0f",
                        "subnet-aaf6cbf7"
                    ]
                },
                "public_subnets_id": {
                    "sensitive": false,
                    "type": "list",
                    "value": [
                        "subnet-08b07142",
                        "subnet-1004394d"
                    ]
                },
                "security_groups_ids": {
                    "sensitive": false,
                    "type": "list",
                    "value": [
                        "sg-fd3c6f8b",
                        "sg-d8386bae"
                    ]
                },
                "vpc_id": {
                    "sensitive": false,
                    "type": "string",
                    "value": "vpc-bdb03bc6"
                }
            },
            "resources": {
                "aws_eip.nat_eip": {
                    "type": "aws_eip",
                    "depends_on": [
                        "aws_internet_gateway.ig"
                    ],
                    "primary": {
                        "id": "eipalloc-d3fe6bda",
                        "attributes": {
                            "association_id": "eipassoc-50e8218a",
                            "domain": "vpc",
                            "id": "eipalloc-d3fe6bda",
                            "instance": "",
                            "network_interface": "eni-30e538e7",
                            "private_ip": "10.0.1.146",
                            "public_ip": "34.225.234.153",
                            "tags.%": "0",
                            "vpc": "true"
                        },
                        "meta": {},
                        "tainted": false
                    },
                    "deposed": [],
                    "provider": "provider.aws"
                },
                "aws_instance.bastion": {
                    "type": "aws_instance",
                    "depends_on": [
                        "aws_security_group.bastion",
                        "aws_security_group.default",
                        "aws_subnet.public_subnet.*"
                    ],
                    "primary": {
                        "id": "i-06e4804f82d32835a",
                        "attributes": {
                            "ami": "ami-f652979b",
                            "associate_public_ip_address": "true",
                            "availability_zone": "us-east-1a",
                            "disable_api_termination": "false",
                            "ebs_block_device.#": "0",
                            "ebs_optimized": "false",
                            "ephemeral_block_device.#": "0",
                            "iam_instance_profile": "",
                            "id": "i-06e4804f82d32835a",
                            "instance_state": "running",
                            "instance_type": "t2.micro",
                            "ipv6_addresses.#": "0",
                            "key_name": "bastion_pub_key",
                            "monitoring": "true",
                            "network_interface.#": "0",
                            "network_interface_id": "eni-a7e53870",
                            "placement_group": "",
                            "primary_network_interface_id": "eni-a7e53870",
                            "private_dns": "ip-10-0-1-28.ec2.internal",
                            "private_ip": "10.0.1.28",
                            "public_dns": "ec2-34-230-70-242.compute-1.amazonaws.com",
                            "public_ip": "34.230.70.242",
                            "root_block_device.#": "1",
                            "root_block_device.0.delete_on_termination": "true",
                            "root_block_device.0.iops": "100",
                            "root_block_device.0.volume_id": "vol-0bf5d30368597b5c6",
                            "root_block_device.0.volume_size": "8",
                            "root_block_device.0.volume_type": "gp2",
                            "security_groups.#": "0",
                            "source_dest_check": "true",
                            "subnet_id": "subnet-08b07142",
                            "tags.%": "2",
                            "tags.Environment": "dev",
                            "tags.Name": "dev-bastion",
                            "tenancy": "default",
                            "volume_tags.%": "0",
                            "vpc_security_group_ids.#": "2",
                            "vpc_security_group_ids.1333611473": "sg-d8386bae",
                            "vpc_security_group_ids.1425730263": "sg-fd3c6f8b"
                        },
                        "meta": {
                            "e2bfb730-ecaa-11e6-8f88-34363bc7c4c0": {
                                "create": 600000000000,
                                "delete": 1200000000000,
                                "update": 600000000000
                            },
                            "schema_version": "1"
                        },
                        "tainted": false
                    },
                    "deposed": [],
                    "provider": "provider.aws"
                },
                "aws_internet_gateway.ig": {
                    "type": "aws_internet_gateway",
                    "depends_on": [
                        "aws_vpc.vpc"
                    ],
                    "primary": {
                        "id": "igw-c88e23b0",
                        "attributes": {
                            "id": "igw-c88e23b0",
                            "tags.%": "2",
                            "tags.Environment": "dev",
                            "tags.Name": "dev-igw",
                            "vpc_id": "vpc-bdb03bc6"
                        },
                        "meta": {},
                        "tainted": false
                    },
                    "deposed": [],
                    "provider": "provider.aws"
                },
                "aws_nat_gateway.nat": {
                    "type": "aws_nat_gateway",
                    "depends_on": [
                        "aws_eip.nat_eip",
                        "aws_internet_gateway.ig",
                        "aws_subnet.public_subnet.*"
                    ],
                    "primary": {
                        "id": "nat-03a0550d402f6cca0",
                        "attributes": {
                            "allocation_id": "eipalloc-d3fe6bda",
                            "id": "nat-03a0550d402f6cca0",
                            "network_interface_id": "eni-30e538e7",
                            "private_ip": "10.0.1.146",
                            "public_ip": "34.225.234.153",
                            "subnet_id": "subnet-08b07142",
                            "tags.%": "2",
                            "tags.Environment": "dev",
                            "tags.Name": "dev-us-east-1a-nat"
                        },
                        "meta": {},
                        "tainted": false
                    },
                    "deposed": [],
                    "provider": "provider.aws"
                },
                "aws_route.private_nat_gateway": {
                    "type": "aws_route",
                    "depends_on": [
                        "aws_nat_gateway.nat",
                        "aws_route_table.private"
                    ],
                    "primary": {
                        "id": "r-rtb-88ec6bf41080289494",
                        "attributes": {
                            "destination_cidr_block": "0.0.0.0/0",
                            "destination_prefix_list_id": "",
                            "egress_only_gateway_id": "",
                            "gateway_id": "",
                            "id": "r-rtb-88ec6bf41080289494",
                            "instance_id": "",
                            "instance_owner_id": "",
                            "nat_gateway_id": "nat-03a0550d402f6cca0",
                            "network_interface_id": "",
                            "origin": "CreateRoute",
                            "route_table_id": "rtb-88ec6bf4",
                            "state": "active",
                            "vpc_peering_connection_id": ""
                        },
                        "meta": {
                            "e2bfb730-ecaa-11e6-8f88-34363bc7c4c0": {
                                "create": 120000000000,
                                "delete": 300000000000
                            }
                        },
                        "tainted": false
                    },
                    "deposed": [],
                    "provider": "provider.aws"
                },
                "aws_route.public_internet_gateway": {
                    "type": "aws_route",
                    "depends_on": [
                        "aws_internet_gateway.ig",
                        "aws_route_table.public"
                    ],
                    "primary": {
                        "id": "r-rtb-4de661311080289494",
                        "attributes": {
                            "destination_cidr_block": "0.0.0.0/0",
                            "destination_prefix_list_id": "",
                            "egress_only_gateway_id": "",
                            "gateway_id": "igw-c88e23b0",
                            "id": "r-rtb-4de661311080289494",
                            "instance_id": "",
                            "instance_owner_id": "",
                            "nat_gateway_id": "",
                            "network_interface_id": "",
                            "origin": "CreateRoute",
                            "route_table_id": "rtb-4de66131",
                            "state": "active",
                            "vpc_peering_connection_id": ""
                        },
                        "meta": {
                            "e2bfb730-ecaa-11e6-8f88-34363bc7c4c0": {
                                "create": 120000000000,
                                "delete": 300000000000
                            }
                        },
                        "tainted": false
                    },
                    "deposed": [],
                    "provider": "provider.aws"
                },
                "aws_route_table.private": {
                    "type": "aws_route_table",
                    "depends_on": [
                        "aws_vpc.vpc"
                    ],
                    "primary": {
                        "id": "rtb-88ec6bf4",
                        "attributes": {
                            "id": "rtb-88ec6bf4",
                            "propagating_vgws.#": "0",
                            "route.#": "1",
                            "route.1689394942.cidr_block": "0.0.0.0/0",
                            "route.1689394942.egress_only_gateway_id": "",
                            "route.1689394942.gateway_id": "",
                            "route.1689394942.instance_id": "",
                            "route.1689394942.ipv6_cidr_block": "",
                            "route.1689394942.nat_gateway_id": "nat-03a0550d402f6cca0",
                            "route.1689394942.network_interface_id": "",
                            "route.1689394942.vpc_peering_connection_id": "",
                            "tags.%": "2",
                            "tags.Environment": "dev",
                            "tags.Name": "dev-private-route-table",
                            "vpc_id": "vpc-bdb03bc6"
                        },
                        "meta": {},
                        "tainted": false
                    },
                    "deposed": [],
                    "provider": "provider.aws"
                },
                "aws_route_table.public": {
                    "type": "aws_route_table",
                    "depends_on": [
                        "aws_vpc.vpc"
                    ],
                    "primary": {
                        "id": "rtb-4de66131",
                        "attributes": {
                            "id": "rtb-4de66131",
                            "propagating_vgws.#": "0",
                            "route.#": "1",
                            "route.1164338812.cidr_block": "0.0.0.0/0",
                            "route.1164338812.egress_only_gateway_id": "",
                            "route.1164338812.gateway_id": "igw-c88e23b0",
                            "route.1164338812.instance_id": "",
                            "route.1164338812.ipv6_cidr_block": "",
                            "route.1164338812.nat_gateway_id": "",
                            "route.1164338812.network_interface_id": "",
                            "route.1164338812.vpc_peering_connection_id": "",
                            "tags.%": "2",
                            "tags.Environment": "dev",
                            "tags.Name": "dev-public-route-table",
                            "vpc_id": "vpc-bdb03bc6"
                        },
                        "meta": {},
                        "tainted": false
                    },
                    "deposed": [],
                    "provider": "provider.aws"
                },
                "aws_route_table_association.private.0": {
                    "type": "aws_route_table_association",
                    "depends_on": [
                        "aws_route_table.private",
                        "aws_subnet.private_subnet.*"
                    ],
                    "primary": {
                        "id": "rtbassoc-17b65c68",
                        "attributes": {
                            "id": "rtbassoc-17b65c68",
                            "route_table_id": "rtb-88ec6bf4",
                            "subnet_id": "subnet-459c5d0f"
                        },
                        "meta": {},
                        "tainted": false
                    },
                    "deposed": [],
                    "provider": "provider.aws"
                },
                "aws_route_table_association.private.1": {
                    "type": "aws_route_table_association",
                    "depends_on": [
                        "aws_route_table.private",
                        "aws_subnet.private_subnet.*"
                    ],
                    "primary": {
                        "id": "rtbassoc-e0b3599f",
                        "attributes": {
                            "id": "rtbassoc-e0b3599f",
                            "route_table_id": "rtb-88ec6bf4",
                            "subnet_id": "subnet-aaf6cbf7"
                        },
                        "meta": {},
                        "tainted": false
                    },
                    "deposed": [],
                    "provider": "provider.aws"
                },
                "aws_route_table_association.public.0": {
                    "type": "aws_route_table_association",
                    "depends_on": [
                        "aws_route_table.public",
                        "aws_subnet.public_subnet.*"
                    ],
                    "primary": {
                        "id": "rtbassoc-08bc5677",
                        "attributes": {
                            "id": "rtbassoc-08bc5677",
                            "route_table_id": "rtb-4de66131",
                            "subnet_id": "subnet-08b07142"
                        },
                        "meta": {},
                        "tainted": false
                    },
                    "deposed": [],
                    "provider": "provider.aws"
                },
                "aws_route_table_association.public.1": {
                    "type": "aws_route_table_association",
                    "depends_on": [
                        "aws_route_table.public",
                        "aws_subnet.public_subnet.*"
                    ],
                    "primary": {
                        "id": "rtbassoc-a4b258db",
                        "attributes": {
                            "id": "rtbassoc-a4b258db",
                            "route_table_id": "rtb-4de66131",
                            "subnet_id": "subnet-1004394d"
                        },
                        "meta": {},
                        "tainted": false
                    },
                    "deposed": [],
                    "provider": "provider.aws"
                },
                "aws_security_group.bastion": {
                    "type": "aws_security_group",
                    "depends_on": [
                        "aws_vpc.vpc"
                    ],
                    "primary": {
                        "id": "sg-d8386bae",
                        "attributes": {
                            "description": "Allow SSH to bastion host",
                            "egress.#": "1",
                            "egress.482069346.cidr_blocks.#": "1",
                            "egress.482069346.cidr_blocks.0": "0.0.0.0/0",
                            "egress.482069346.description": "",
                            "egress.482069346.from_port": "0",
                            "egress.482069346.ipv6_cidr_blocks.#": "0",
                            "egress.482069346.prefix_list_ids.#": "0",
                            "egress.482069346.protocol": "-1",
                            "egress.482069346.security_groups.#": "0",
                            "egress.482069346.self": "false",
                            "egress.482069346.to_port": "0",
                            "id": "sg-d8386bae",
                            "ingress.#": "2",
                            "ingress.2541437006.cidr_blocks.#": "1",
                            "ingress.2541437006.cidr_blocks.0": "0.0.0.0/0",
                            "ingress.2541437006.description": "",
                            "ingress.2541437006.from_port": "22",
                            "ingress.2541437006.ipv6_cidr_blocks.#": "0",
                            "ingress.2541437006.protocol": "tcp",
                            "ingress.2541437006.security_groups.#": "0",
                            "ingress.2541437006.self": "false",
                            "ingress.2541437006.to_port": "22",
                            "ingress.3068409405.cidr_blocks.#": "1",
                            "ingress.3068409405.cidr_blocks.0": "0.0.0.0/0",
                            "ingress.3068409405.description": "",
                            "ingress.3068409405.from_port": "8",
                            "ingress.3068409405.ipv6_cidr_blocks.#": "0",
                            "ingress.3068409405.protocol": "icmp",
                            "ingress.3068409405.security_groups.#": "0",
                            "ingress.3068409405.self": "false",
                            "ingress.3068409405.to_port": "0",
                            "name": "dev-bastion-host",
                            "owner_id": "812508967154",
                            "revoke_rules_on_delete": "false",
                            "tags.%": "2",
                            "tags.Environment": "dev",
                            "tags.Name": "dev-bastion-sg",
                            "vpc_id": "vpc-bdb03bc6"
                        },
                        "meta": {
                            "e2bfb730-ecaa-11e6-8f88-34363bc7c4c0": {
                                "create": 600000000000,
                                "delete": 600000000000
                            },
                            "schema_version": "1"
                        },
                        "tainted": false
                    },
                    "deposed": [],
                    "provider": "provider.aws"
                },
                "aws_security_group.default": {
                    "type": "aws_security_group",
                    "depends_on": [
                        "aws_vpc.vpc"
                    ],
                    "primary": {
                        "id": "sg-fd3c6f8b",
                        "attributes": {
                            "description": "Default security group to allow inbound/outbound from the VPC",
                            "egress.#": "1",
                            "egress.753360330.cidr_blocks.#": "0",
                            "egress.753360330.description": "",
                            "egress.753360330.from_port": "0",
                            "egress.753360330.ipv6_cidr_blocks.#": "0",
                            "egress.753360330.prefix_list_ids.#": "0",
                            "egress.753360330.protocol": "-1",
                            "egress.753360330.security_groups.#": "0",
                            "egress.753360330.self": "true",
                            "egress.753360330.to_port": "0",
                            "id": "sg-fd3c6f8b",
                            "ingress.#": "1",
                            "ingress.753360330.cidr_blocks.#": "0",
                            "ingress.753360330.description": "",
                            "ingress.753360330.from_port": "0",
                            "ingress.753360330.ipv6_cidr_blocks.#": "0",
                            "ingress.753360330.protocol": "-1",
                            "ingress.753360330.security_groups.#": "0",
                            "ingress.753360330.self": "true",
                            "ingress.753360330.to_port": "0",
                            "name": "dev-default-sg",
                            "owner_id": "812508967154",
                            "revoke_rules_on_delete": "false",
                            "tags.%": "1",
                            "tags.Environment": "dev",
                            "vpc_id": "vpc-bdb03bc6"
                        },
                        "meta": {
                            "e2bfb730-ecaa-11e6-8f88-34363bc7c4c0": {
                                "create": 600000000000,
                                "delete": 600000000000
                            },
                            "schema_version": "1"
                        },
                        "tainted": false
                    },
                    "deposed": [],
                    "provider": "provider.aws"
                },
                "aws_subnet.private_subnet.0": {
                    "type": "aws_subnet",
                    "depends_on": [
                        "aws_vpc.vpc"
                    ],
                    "primary": {
                        "id": "subnet-459c5d0f",
                        "attributes": {
                            "assign_ipv6_address_on_creation": "false",
                            "availability_zone": "us-east-1a",
                            "cidr_block": "10.0.10.0/24",
                            "id": "subnet-459c5d0f",
                            "map_public_ip_on_launch": "false",
                            "tags.%": "2",
                            "tags.Environment": "dev",
                            "tags.Name": "dev-us-east-1a-private-subnet",
                            "vpc_id": "vpc-bdb03bc6"
                        },
                        "meta": {
                            "schema_version": "1"
                        },
                        "tainted": false
                    },
                    "deposed": [],
                    "provider": "provider.aws"
                },
                "aws_subnet.private_subnet.1": {
                    "type": "aws_subnet",
                    "depends_on": [
                        "aws_vpc.vpc"
                    ],
                    "primary": {
                        "id": "subnet-aaf6cbf7",
                        "attributes": {
                            "assign_ipv6_address_on_creation": "false",
                            "availability_zone": "us-east-1b",
                            "cidr_block": "10.0.20.0/24",
                            "id": "subnet-aaf6cbf7",
                            "map_public_ip_on_launch": "false",
                            "tags.%": "2",
                            "tags.Environment": "dev",
                            "tags.Name": "dev-us-east-1b-private-subnet",
                            "vpc_id": "vpc-bdb03bc6"
                        },
                        "meta": {
                            "schema_version": "1"
                        },
                        "tainted": false
                    },
                    "deposed": [],
                    "provider": "provider.aws"
                },
                "aws_subnet.public_subnet.0": {
                    "type": "aws_subnet",
                    "depends_on": [
                        "aws_vpc.vpc"
                    ],
                    "primary": {
                        "id": "subnet-08b07142",
                        "attributes": {
                            "assign_ipv6_address_on_creation": "false",
                            "availability_zone": "us-east-1a",
                            "cidr_block": "10.0.1.0/24",
                            "id": "subnet-08b07142",
                            "map_public_ip_on_launch": "true",
                            "tags.%": "2",
                            "tags.Environment": "dev",
                            "tags.Name": "dev-us-east-1a-public-subnet",
                            "vpc_id": "vpc-bdb03bc6"
                        },
                        "meta": {
                            "schema_version": "1"
                        },
                        "tainted": false
                    },
                    "deposed": [],
                    "provider": "provider.aws"
                },
                "aws_subnet.public_subnet.1": {
                    "type": "aws_subnet",
                    "depends_on": [
                        "aws_vpc.vpc"
                    ],
                    "primary": {
                        "id": "subnet-1004394d",
                        "attributes": {
                            "assign_ipv6_address_on_creation": "false",
                            "availability_zone": "us-east-1b",
                            "cidr_block": "10.0.2.0/24",
                            "id": "subnet-1004394d",
                            "map_public_ip_on_launch": "true",
                            "tags.%": "2",
                            "tags.Environment": "dev",
                            "tags.Name": "dev-us-east-1b-public-subnet",
                            "vpc_id": "vpc-bdb03bc6"
                        },
                        "meta": {
                            "schema_version": "1"
                        },
                        "tainted": false
                    },
                    "deposed": [],
                    "provider": "provider.aws"
                },
                "aws_vpc.vpc": {
                    "type": "aws_vpc",
                    "depends_on": [],
                    "primary": {
                        "id": "vpc-bdb03bc6",
                        "attributes": {
                            "assign_generated_ipv6_cidr_block": "false",
                            "cidr_block": "10.0.0.0/16",
                            "default_network_acl_id": "acl-319c7d4b",
                            "default_route_table_id": "rtb-dee364a2",
                            "default_security_group_id": "sg-75316203",
                            "dhcp_options_id": "dopt-e03d1198",
                            "enable_classiclink": "false",
                            "enable_classiclink_dns_support": "false",
                            "enable_dns_hostnames": "true",
                            "enable_dns_support": "true",
                            "id": "vpc-bdb03bc6",
                            "instance_tenancy": "default",
                            "main_route_table_id": "rtb-dee364a2",
                            "tags.%": "2",
                            "tags.Environment": "dev",
                            "tags.Name": "dev-vpc"
                        },
                        "meta": {
                            "schema_version": "1"
                        },
                        "tainted": false
                    },
                    "deposed": [],
                    "provider": "provider.aws"
                }
            },
            "depends_on": []
        }
    ]
}
